// !$*UTF8*$!
{
	archiveVersion = 1;
	classes = {
	};
	objectVersion = 56;
	objects = {

/* Begin PBXBuildFile section */
		C829CCAB2AB07767008F2B01 /* AppDelegate.swift in Sources */ = {isa = PBXBuildFile; fileRef = C829CCAA2AB07767008F2B01 /* AppDelegate.swift */; };
		C829CCAD2AB07767008F2B01 /* SceneDelegate.swift in Sources */ = {isa = PBXBuildFile; fileRef = C829CCAC2AB07767008F2B01 /* SceneDelegate.swift */; };
		C829CCAF2AB07767008F2B01 /* ViewController.swift in Sources */ = {isa = PBXBuildFile; fileRef = C829CCAE2AB07767008F2B01 /* ViewController.swift */; };
		C829CCB22AB07767008F2B01 /* Main.storyboard in Resources */ = {isa = PBXBuildFile; fileRef = C829CCB02AB07767008F2B01 /* Main.storyboard */; };
		C829CCB42AB07768008F2B01 /* Assets.xcassets in Resources */ = {isa = PBXBuildFile; fileRef = C829CCB32AB07768008F2B01 /* Assets.xcassets */; };
		C829CCB72AB07768008F2B01 /* LaunchScreen.storyboard in Resources */ = {isa = PBXBuildFile; fileRef = C829CCB52AB07768008F2B01 /* LaunchScreen.storyboard */; };
		C829CCC22AB07768008F2B01 /* ExampleProjectTests.swift in Sources */ = {isa = PBXBuildFile; fileRef = C829CCC12AB07768008F2B01 /* ExampleProjectTests.swift */; };
		C829CCCC2AB07768008F2B01 /* ExampleProjectUITests.swift in Sources */ = {isa = PBXBuildFile; fileRef = C829CCCB2AB07768008F2B01 /* ExampleProjectUITests.swift */; };
		C829CCCE2AB07768008F2B01 /* ExampleProjectUITestsLaunchTests.swift in Sources */ = {isa = PBXBuildFile; fileRef = C829CCCD2AB07768008F2B01 /* ExampleProjectUITestsLaunchTests.swift */; };
/* End PBXBuildFile section */

/* Begin PBXContainerItemProxy section */
		C829CCBE2AB07768008F2B01 /* PBXContainerItemProxy */ = {
			isa = PBXContainerItemProxy;
			containerPortal = C829CC9F2AB07767008F2B01 /* Project object */;
			proxyType = 1;
			remoteGlobalIDString = C829CCA62AB07767008F2B01;
			remoteInfo = ExampleProject;
		};
		C829CCC82AB07768008F2B01 /* PBXContainerItemProxy */ = {
			isa = PBXContainerItemProxy;
			containerPortal = C829CC9F2AB07767008F2B01 /* Project object */;
			proxyType = 1;
			remoteGlobalIDString = C829CCA62AB07767008F2B01;
			remoteInfo = ExampleProject;
		};
/* End PBXContainerItemProxy section */

/* Begin PBXFileReference section */
		C829CCA72AB07767008F2B01 /* ExampleProject.app */ = {isa = PBXFileReference; explicitFileType = wrapper.application; includeInIndex = 0; path = ExampleProject.app; sourceTree = BUILT_PRODUCTS_DIR; };
		C829CCAA2AB07767008F2B01 /* AppDelegate.swift */ = {isa = PBXFileReference; lastKnownFileType = sourcecode.swift; path = AppDelegate.swift; sourceTree = "<group>"; };
		C829CCAC2AB07767008F2B01 /* SceneDelegate.swift */ = {isa = PBXFileReference; lastKnownFileType = sourcecode.swift; path = SceneDelegate.swift; sourceTree = "<group>"; };
		C829CCAE2AB07767008F2B01 /* ViewController.swift */ = {isa = PBXFileReference; lastKnownFileType = sourcecode.swift; path = ViewController.swift; sourceTree = "<group>"; };
		C829CCB12AB07767008F2B01 /* Base */ = {isa = PBXFileReference; lastKnownFileType = file.storyboard; name = Base; path = Base.lproj/Main.storyboard; sourceTree = "<group>"; };
		C829CCB32AB07768008F2B01 /* Assets.xcassets */ = {isa = PBXFileReference; lastKnownFileType = folder.assetcatalog; path = Assets.xcassets; sourceTree = "<group>"; };
		C829CCB62AB07768008F2B01 /* Base */ = {isa = PBXFileReference; lastKnownFileType = file.storyboard; name = Base; path = Base.lproj/LaunchScreen.storyboard; sourceTree = "<group>"; };
		C829CCB82AB07768008F2B01 /* Info.plist */ = {isa = PBXFileReference; lastKnownFileType = text.plist.xml; path = Info.plist; sourceTree = "<group>"; };
		C829CCBD2AB07768008F2B01 /* ExampleProjectTests.xctest */ = {isa = PBXFileReference; explicitFileType = wrapper.cfbundle; includeInIndex = 0; path = ExampleProjectTests.xctest; sourceTree = BUILT_PRODUCTS_DIR; };
		C829CCC12AB07768008F2B01 /* ExampleProjectTests.swift */ = {isa = PBXFileReference; lastKnownFileType = sourcecode.swift; path = ExampleProjectTests.swift; sourceTree = "<group>"; };
		C829CCC72AB07768008F2B01 /* ExampleProjectUITests.xctest */ = {isa = PBXFileReference; explicitFileType = wrapper.cfbundle; includeInIndex = 0; path = ExampleProjectUITests.xctest; sourceTree = BUILT_PRODUCTS_DIR; };
		C829CCCB2AB07768008F2B01 /* ExampleProjectUITests.swift */ = {isa = PBXFileReference; lastKnownFileType = sourcecode.swift; path = ExampleProjectUITests.swift; sourceTree = "<group>"; };
		C829CCCD2AB07768008F2B01 /* ExampleProjectUITestsLaunchTests.swift */ = {isa = PBXFileReference; lastKnownFileType = sourcecode.swift; path = ExampleProjectUITestsLaunchTests.swift; sourceTree = "<group>"; };
/* End PBXFileReference section */

/* Begin PBXFrameworksBuildPhase section */
		C829CCA42AB07767008F2B01 /* Frameworks */ = {
			isa = PBXFrameworksBuildPhase;
			buildActionMask = 2147483647;
			files = (
			);
			runOnlyForDeploymentPostprocessing = 0;
		};
		C829CCBA2AB07768008F2B01 /* Frameworks */ = {
			isa = PBXFrameworksBuildPhase;
			buildActionMask = 2147483647;
			files = (
			);
			runOnlyForDeploymentPostprocessing = 0;
		};
		C829CCC42AB07768008F2B01 /* Frameworks */ = {
			isa = PBXFrameworksBuildPhase;
			buildActionMask = 2147483647;
			files = (
			);
			runOnlyForDeploymentPostprocessing = 0;
		};
/* End PBXFrameworksBuildPhase section */

/* Begin PBXGroup section */
		C829CC9E2AB07767008F2B01 = {
			isa = PBXGroup;
			children = (
				C829CCA92AB07767008F2B01 /* ExampleProject */,
				C829CCC02AB07768008F2B01 /* ExampleProjectTests */,
				C829CCCA2AB07768008F2B01 /* ExampleProjectUITests */,
				C829CCA82AB07767008F2B01 /* Products */,
			);
			sourceTree = "<group>";
		};
		C829CCA82AB07767008F2B01 /* Products */ = {
			isa = PBXGroup;
			children = (
				C829CCA72AB07767008F2B01 /* ExampleProject.app */,
				C829CCBD2AB07768008F2B01 /* ExampleProjectTests.xctest */,
				C829CCC72AB07768008F2B01 /* ExampleProjectUITests.xctest */,
			);
			name = Products;
			sourceTree = "<group>";
		};
		C829CCA92AB07767008F2B01 /* ExampleProject */ = {
			isa = PBXGroup;
			children = (
				C829CCAA2AB07767008F2B01 /* AppDelegate.swift */,
				C829CCAC2AB07767008F2B01 /* SceneDelegate.swift */,
				C829CCAE2AB07767008F2B01 /* ViewController.swift */,
				C829CCB02AB07767008F2B01 /* Main.storyboard */,
				C829CCB32AB07768008F2B01 /* Assets.xcassets */,
				C829CCB52AB07768008F2B01 /* LaunchScreen.storyboard */,
				C829CCB82AB07768008F2B01 /* Info.plist */,
			);
			path = ExampleProject;
			sourceTree = "<group>";
		};
		C829CCC02AB07768008F2B01 /* ExampleProjectTests */ = {
			isa = PBXGroup;
			children = (
				C829CCC12AB07768008F2B01 /* ExampleProjectTests.swift */,
			);
			path = ExampleProjectTests;
			sourceTree = "<group>";
		};
		C829CCCA2AB07768008F2B01 /* ExampleProjectUITests */ = {
			isa = PBXGroup;
			children = (
				C829CCCB2AB07768008F2B01 /* ExampleProjectUITests.swift */,
				C829CCCD2AB07768008F2B01 /* ExampleProjectUITestsLaunchTests.swift */,
			);
			path = ExampleProjectUITests;
			sourceTree = "<group>";
		};
/* End PBXGroup section */

/* Begin PBXNativeTarget section */
		C829CCA62AB07767008F2B01 /* ExampleProject */ = {
			isa = PBXNativeTarget;
			buildConfigurationList = C829CCD12AB07768008F2B01 /* Build configuration list for PBXNativeTarget "ExampleProject" */;
			buildPhases = (
				C829CCA32AB07767008F2B01 /* Sources */,
				C829CCA42AB07767008F2B01 /* Frameworks */,
				C829CCA52AB07767008F2B01 /* Resources */,
			);
			buildRules = (
			);
			dependencies = (
			);
			name = ExampleProject;
			productName = ExampleProject;
			productReference = C829CCA72AB07767008F2B01 /* ExampleProject.app */;
			productType = "com.apple.product-type.application";
		};
		C829CCBC2AB07768008F2B01 /* ExampleProjectTests */ = {
			isa = PBXNativeTarget;
			buildConfigurationList = C829CCD42AB07768008F2B01 /* Build configuration list for PBXNativeTarget "ExampleProjectTests" */;
			buildPhases = (
				C829CCB92AB07768008F2B01 /* Sources */,
				C829CCBA2AB07768008F2B01 /* Frameworks */,
				C829CCBB2AB07768008F2B01 /* Resources */,
			);
			buildRules = (
			);
			dependencies = (
				C829CCBF2AB07768008F2B01 /* PBXTargetDependency */,
			);
			name = ExampleProjectTests;
			productName = ExampleProjectTests;
			productReference = C829CCBD2AB07768008F2B01 /* ExampleProjectTests.xctest */;
			productType = "com.apple.product-type.bundle.unit-test";
		};
		C829CCC62AB07768008F2B01 /* ExampleProjectUITests */ = {
			isa = PBXNativeTarget;
			buildConfigurationList = C829CCD72AB07768008F2B01 /* Build configuration list for PBXNativeTarget "ExampleProjectUITests" */;
			buildPhases = (
				C829CCC32AB07768008F2B01 /* Sources */,
				C829CCC42AB07768008F2B01 /* Frameworks */,
				C829CCC52AB07768008F2B01 /* Resources */,
			);
			buildRules = (
			);
			dependencies = (
				C829CCC92AB07768008F2B01 /* PBXTargetDependency */,
			);
			name = ExampleProjectUITests;
			productName = ExampleProjectUITests;
			productReference = C829CCC72AB07768008F2B01 /* ExampleProjectUITests.xctest */;
			productType = "com.apple.product-type.bundle.ui-testing";
		};
/* End PBXNativeTarget section */

/* Begin PBXProject section */
		C829CC9F2AB07767008F2B01 /* Project object */ = {
			isa = PBXProject;
			attributes = {
				BuildIndependentTargetsInParallel = 1;
				LastSwiftUpdateCheck = 1430;
				LastUpgradeCheck = 1430;
				TargetAttributes = {
					C829CCA62AB07767008F2B01 = {
						CreatedOnToolsVersion = 14.3.1;
					};
					C829CCBC2AB07768008F2B01 = {
						CreatedOnToolsVersion = 14.3.1;
						TestTargetID = C829CCA62AB07767008F2B01;
					};
					C829CCC62AB07768008F2B01 = {
						CreatedOnToolsVersion = 14.3.1;
						TestTargetID = C829CCA62AB07767008F2B01;
					};
				};
			};
			buildConfigurationList = C829CCA22AB07767008F2B01 /* Build configuration list for PBXProject "ExampleProject" */;
			compatibilityVersion = "Xcode 14.0";
			developmentRegion = en;
			hasScannedForEncodings = 0;
			knownRegions = (
				en,
				Base,
			);
			mainGroup = C829CC9E2AB07767008F2B01;
			productRefGroup = C829CCA82AB07767008F2B01 /* Products */;
			projectDirPath = "";
			projectRoot = "";
			targets = (
				C829CCA62AB07767008F2B01 /* ExampleProject */,
				C829CCBC2AB07768008F2B01 /* ExampleProjectTests */,
				C829CCC62AB07768008F2B01 /* ExampleProjectUITests */,
			);
		};
/* End PBXProject section */

/* Begin PBXResourcesBuildPhase section */
		C829CCA52AB07767008F2B01 /* Resources */ = {
			isa = PBXResourcesBuildPhase;
			buildActionMask = 2147483647;
			files = (
				C829CCB72AB07768008F2B01 /* LaunchScreen.storyboard in Resources */,
				C829CCB42AB07768008F2B01 /* Assets.xcassets in Resources */,
				C829CCB22AB07767008F2B01 /* Main.storyboard in Resources */,
			);
			runOnlyForDeploymentPostprocessing = 0;
		};
		C829CCBB2AB07768008F2B01 /* Resources */ = {
			isa = PBXResourcesBuildPhase;
			buildActionMask = 2147483647;
			files = (
			);
			runOnlyForDeploymentPostprocessing = 0;
		};
		C829CCC52AB07768008F2B01 /* Resources */ = {
			isa = PBXResourcesBuildPhase;
			buildActionMask = 2147483647;
			files = (
			);
			runOnlyForDeploymentPostprocessing = 0;
		};
/* End PBXResourcesBuildPhase section */

/* Begin PBXSourcesBuildPhase section */
		C829CCA32AB07767008F2B01 /* Sources */ = {
			isa = PBXSourcesBuildPhase;
			buildActionMask = 2147483647;
			files = (
				C829CCAF2AB07767008F2B01 /* ViewController.swift in Sources */,
				C829CCAB2AB07767008F2B01 /* AppDelegate.swift in Sources */,
				C829CCAD2AB07767008F2B01 /* SceneDelegate.swift in Sources */,
			);
			runOnlyForDeploymentPostprocessing = 0;
		};
		C829CCB92AB07768008F2B01 /* Sources */ = {
			isa = PBXSourcesBuildPhase;
			buildActionMask = 2147483647;
			files = (
				C829CCC22AB07768008F2B01 /* ExampleProjectTests.swift in Sources */,
			);
			runOnlyForDeploymentPostprocessing = 0;
		};
		C829CCC32AB07768008F2B01 /* Sources */ = {
			isa = PBXSourcesBuildPhase;
			buildActionMask = 2147483647;
			files = (
				C829CCCC2AB07768008F2B01 /* ExampleProjectUITests.swift in Sources */,
				C829CCCE2AB07768008F2B01 /* ExampleProjectUITestsLaunchTests.swift in Sources */,
			);
			runOnlyForDeploymentPostprocessing = 0;
		};
/* End PBXSourcesBuildPhase section */

/* Begin PBXTargetDependency section */
		C829CCBF2AB07768008F2B01 /* PBXTargetDependency */ = {
			isa = PBXTargetDependency;
			target = C829CCA62AB07767008F2B01 /* ExampleProject */;
			targetProxy = C829CCBE2AB07768008F2B01 /* PBXContainerItemProxy */;
		};
		C829CCC92AB07768008F2B01 /* PBXTargetDependency */ = {
			isa = PBXTargetDependency;
			target = C829CCA62AB07767008F2B01 /* ExampleProject */;
			targetProxy = C829CCC82AB07768008F2B01 /* PBXContainerItemProxy */;
		};
/* End PBXTargetDependency section */

/* Begin PBXVariantGroup section */
		C829CCB02AB07767008F2B01 /* Main.storyboard */ = {
			isa = PBXVariantGroup;
			children = (
				C829CCB12AB07767008F2B01 /* Base */,
			);
			name = Main.storyboard;
			sourceTree = "<group>";
		};
		C829CCB52AB07768008F2B01 /* LaunchScreen.storyboard */ = {
			isa = PBXVariantGroup;
			children = (
				C829CCB62AB07768008F2B01 /* Base */,
			);
			name = LaunchScreen.storyboard;
			sourceTree = "<group>";
		};
/* End PBXVariantGroup section */

/* Begin XCBuildConfiguration section */
		C829CCCF2AB07768008F2B01 /* Debug */ = {
			isa = XCBuildConfiguration;
			buildSettings = {
				ALWAYS_SEARCH_USER_PATHS = NO;
				CLANG_ANALYZER_NONNULL = YES;
				CLANG_ANALYZER_NUMBER_OBJECT_CONVERSION = YES_AGGRESSIVE;
				CLANG_CXX_LANGUAGE_STANDARD = "gnu++20";
				CLANG_ENABLE_MODULES = YES;
				CLANG_ENABLE_OBJC_ARC = YES;
				CLANG_ENABLE_OBJC_WEAK = YES;
				CLANG_WARN_BLOCK_CAPTURE_AUTORELEASING = YES;
				CLANG_WARN_BOOL_CONVERSION = YES;
				CLANG_WARN_COMMA = YES;
				CLANG_WARN_CONSTANT_CONVERSION = YES;
				CLANG_WARN_DEPRECATED_OBJC_IMPLEMENTATIONS = YES;
				CLANG_WARN_DIRECT_OBJC_ISA_USAGE = YES_ERROR;
				CLANG_WARN_DOCUMENTATION_COMMENTS = YES;
				CLANG_WARN_EMPTY_BODY = YES;
				CLANG_WARN_ENUM_CONVERSION = YES;
				CLANG_WARN_INFINITE_RECURSION = YES;
				CLANG_WARN_INT_CONVERSION = YES;
				CLANG_WARN_NON_LITERAL_NULL_CONVERSION = YES;
				CLANG_WARN_OBJC_IMPLICIT_RETAIN_SELF = YES;
				CLANG_WARN_OBJC_LITERAL_CONVERSION = YES;
				CLANG_WARN_OBJC_ROOT_CLASS = YES_ERROR;
				CLANG_WARN_QUOTED_INCLUDE_IN_FRAMEWORK_HEADER = YES;
				CLANG_WARN_RANGE_LOOP_ANALYSIS = YES;
				CLANG_WARN_STRICT_PROTOTYPES = YES;
				CLANG_WARN_SUSPICIOUS_MOVE = YES;
				CLANG_WARN_UNGUARDED_AVAILABILITY = YES_AGGRESSIVE;
				CLANG_WARN_UNREACHABLE_CODE = YES;
				CLANG_WARN__DUPLICATE_METHOD_MATCH = YES;
				COPY_PHASE_STRIP = NO;
				DEBUG_INFORMATION_FORMAT = dwarf;
				ENABLE_STRICT_OBJC_MSGSEND = YES;
				ENABLE_TESTABILITY = YES;
				GCC_C_LANGUAGE_STANDARD = gnu11;
				GCC_DYNAMIC_NO_PIC = NO;
				GCC_NO_COMMON_BLOCKS = YES;
				GCC_OPTIMIZATION_LEVEL = 0;
				GCC_PREPROCESSOR_DEFINITIONS = (
					"DEBUG=1",
					"$(inherited)",
				);
				GCC_WARN_64_TO_32_BIT_CONVERSION = YES;
				GCC_WARN_ABOUT_RETURN_TYPE = YES_ERROR;
				GCC_WARN_UNDECLARED_SELECTOR = YES;
				GCC_WARN_UNINITIALIZED_AUTOS = YES_AGGRESSIVE;
				GCC_WARN_UNUSED_FUNCTION = YES;
				GCC_WARN_UNUSED_VARIABLE = YES;
				IPHONEOS_DEPLOYMENT_TARGET = 16.4;
				MTL_ENABLE_DEBUG_INFO = INCLUDE_SOURCE;
				MTL_FAST_MATH = YES;
				ONLY_ACTIVE_ARCH = YES;
				SDKROOT = iphoneos;
				SWIFT_ACTIVE_COMPILATION_CONDITIONS = DEBUG;
				SWIFT_OPTIMIZATION_LEVEL = "-Onone";
			};
			name = Debug;
		};
		C829CCD02AB07768008F2B01 /* Release */ = {
			isa = XCBuildConfiguration;
			buildSettings = {
				ALWAYS_SEARCH_USER_PATHS = NO;
				CLANG_ANALYZER_NONNULL = YES;
				CLANG_ANALYZER_NUMBER_OBJECT_CONVERSION = YES_AGGRESSIVE;
				CLANG_CXX_LANGUAGE_STANDARD = "gnu++20";
				CLANG_ENABLE_MODULES = YES;
				CLANG_ENABLE_OBJC_ARC = YES;
				CLANG_ENABLE_OBJC_WEAK = YES;
				CLANG_WARN_BLOCK_CAPTURE_AUTORELEASING = YES;
				CLANG_WARN_BOOL_CONVERSION = YES;
				CLANG_WARN_COMMA = YES;
				CLANG_WARN_CONSTANT_CONVERSION = YES;
				CLANG_WARN_DEPRECATED_OBJC_IMPLEMENTATIONS = YES;
				CLANG_WARN_DIRECT_OBJC_ISA_USAGE = YES_ERROR;
				CLANG_WARN_DOCUMENTATION_COMMENTS = YES;
				CLANG_WARN_EMPTY_BODY = YES;
				CLANG_WARN_ENUM_CONVERSION = YES;
				CLANG_WARN_INFINITE_RECURSION = YES;
				CLANG_WARN_INT_CONVERSION = YES;
				CLANG_WARN_NON_LITERAL_NULL_CONVERSION = YES;
				CLANG_WARN_OBJC_IMPLICIT_RETAIN_SELF = YES;
				CLANG_WARN_OBJC_LITERAL_CONVERSION = YES;
				CLANG_WARN_OBJC_ROOT_CLASS = YES_ERROR;
				CLANG_WARN_QUOTED_INCLUDE_IN_FRAMEWORK_HEADER = YES;
				CLANG_WARN_RANGE_LOOP_ANALYSIS = YES;
				CLANG_WARN_STRICT_PROTOTYPES = YES;
				CLANG_WARN_SUSPICIOUS_MOVE = YES;
				CLANG_WARN_UNGUARDED_AVAILABILITY = YES_AGGRESSIVE;
				CLANG_WARN_UNREACHABLE_CODE = YES;
				CLANG_WARN__DUPLICATE_METHOD_MATCH = YES;
				COPY_PHASE_STRIP = NO;
				DEBUG_INFORMATION_FORMAT = "dwarf-with-dsym";
				ENABLE_NS_ASSERTIONS = NO;
				ENABLE_STRICT_OBJC_MSGSEND = YES;
				GCC_C_LANGUAGE_STANDARD = gnu11;
				GCC_NO_COMMON_BLOCKS = YES;
				GCC_WARN_64_TO_32_BIT_CONVERSION = YES;
				GCC_WARN_ABOUT_RETURN_TYPE = YES_ERROR;
				GCC_WARN_UNDECLARED_SELECTOR = YES;
				GCC_WARN_UNINITIALIZED_AUTOS = YES_AGGRESSIVE;
				GCC_WARN_UNUSED_FUNCTION = YES;
				GCC_WARN_UNUSED_VARIABLE = YES;
				IPHONEOS_DEPLOYMENT_TARGET = 16.4;
				MTL_ENABLE_DEBUG_INFO = NO;
				MTL_FAST_MATH = YES;
				SDKROOT = iphoneos;
				SWIFT_COMPILATION_MODE = wholemodule;
				SWIFT_OPTIMIZATION_LEVEL = "-O";
				VALIDATE_PRODUCT = YES;
			};
			name = Release;
		};
		C829CCD22AB07768008F2B01 /* Debug */ = {
			isa = XCBuildConfiguration;
			buildSettings = {
				ASSETCATALOG_COMPILER_APPICON_NAME = AppIcon;
				ASSETCATALOG_COMPILER_GLOBAL_ACCENT_COLOR_NAME = AccentColor;
				CODE_SIGN_STYLE = Automatic;
				CURRENT_PROJECT_VERSION = 1;
				GENERATE_INFOPLIST_FILE = YES;
				INFOPLIST_FILE = ExampleProject/Info.plist;
				INFOPLIST_KEY_UIApplicationSupportsIndirectInputEvents = YES;
				INFOPLIST_KEY_UILaunchStoryboardName = LaunchScreen;
				INFOPLIST_KEY_UIMainStoryboardFile = Main;
				INFOPLIST_KEY_UISupportedInterfaceOrientations_iPad = "UIInterfaceOrientationPortrait UIInterfaceOrientationPortraitUpsideDown UIInterfaceOrientationLandscapeLeft UIInterfaceOrientationLandscapeRight";
				INFOPLIST_KEY_UISupportedInterfaceOrientations_iPhone = "UIInterfaceOrientationPortrait UIInterfaceOrientationLandscapeLeft UIInterfaceOrientationLandscapeRight";
				LD_RUNPATH_SEARCH_PATHS = (
					"$(inherited)",
					"@executable_path/Frameworks",
				);
				MARKETING_VERSION = 1.0;
				PRODUCT_BUNDLE_IDENTIFIER = com.apple.ExampleProject;
				PRODUCT_NAME = "$(TARGET_NAME)";
				SWIFT_EMIT_LOC_STRINGS = YES;
				SWIFT_VERSION = 5.0;
				TARGETED_DEVICE_FAMILY = "1,2";
			};
			name = Debug;
		};
		C829CCD32AB07768008F2B01 /* Release */ = {
			isa = XCBuildConfiguration;
			buildSettings = {
				ASSETCATALOG_COMPILER_APPICON_NAME = AppIcon;
				ASSETCATALOG_COMPILER_GLOBAL_ACCENT_COLOR_NAME = AccentColor;
				CODE_SIGN_STYLE = Automatic;
				CURRENT_PROJECT_VERSION = 1;
				GENERATE_INFOPLIST_FILE = YES;
				INFOPLIST_FILE = ExampleProject/Info.plist;
				INFOPLIST_KEY_UIApplicationSupportsIndirectInputEvents = YES;
				INFOPLIST_KEY_UILaunchStoryboardName = LaunchScreen;
				INFOPLIST_KEY_UIMainStoryboardFile = Main;
				INFOPLIST_KEY_UISupportedInterfaceOrientations_iPad = "UIInterfaceOrientationPortrait UIInterfaceOrientationPortraitUpsideDown UIInterfaceOrientationLandscapeLeft UIInterfaceOrientationLandscapeRight";
				INFOPLIST_KEY_UISupportedInterfaceOrientations_iPhone = "UIInterfaceOrientationPortrait UIInterfaceOrientationLandscapeLeft UIInterfaceOrientationLandscapeRight";
				LD_RUNPATH_SEARCH_PATHS = (
					"$(inherited)",
					"@executable_path/Frameworks",
				);
				MARKETING_VERSION = 1.0;
				PRODUCT_BUNDLE_IDENTIFIER = com.apple.ExampleProject;
				PRODUCT_NAME = "$(TARGET_NAME)";
				SWIFT_EMIT_LOC_STRINGS = YES;
				SWIFT_VERSION = 5.0;
				TARGETED_DEVICE_FAMILY = "1,2";
			};
			name = Release;
		};
		C829CCD52AB07768008F2B01 /* Debug */ = {
			isa = XCBuildConfiguration;
			buildSettings = {
				ALWAYS_EMBED_SWIFT_STANDARD_LIBRARIES = YES;
				BUNDLE_LOADER = "$(TEST_HOST)";
				CODE_SIGN_STYLE = Automatic;
				CURRENT_PROJECT_VERSION = 1;
				GENERATE_INFOPLIST_FILE = YES;
				IPHONEOS_DEPLOYMENT_TARGET = 16.4;
				MARKETING_VERSION = 1.0;
				PRODUCT_BUNDLE_IDENTIFIER = com.apple.ExampleProjectTests;
				PRODUCT_NAME = "$(TARGET_NAME)";
				SWIFT_EMIT_LOC_STRINGS = NO;
				SWIFT_VERSION = 5.0;
				TARGETED_DEVICE_FAMILY = "1,2";
				TEST_HOST = "$(BUILT_PRODUCTS_DIR)/ExampleProject.app/$(BUNDLE_EXECUTABLE_FOLDER_PATH)/ExampleProject";
			};
			name = Debug;
		};
		C829CCD62AB07768008F2B01 /* Release */ = {
			isa = XCBuildConfiguration;
			buildSettings = {
				ALWAYS_EMBED_SWIFT_STANDARD_LIBRARIES = YES;
				BUNDLE_LOADER = "$(TEST_HOST)";
				CODE_SIGN_STYLE = Automatic;
				CURRENT_PROJECT_VERSION = 1;
				GENERATE_INFOPLIST_FILE = YES;
				IPHONEOS_DEPLOYMENT_TARGET = 16.4;
				MARKETING_VERSION = 1.0;
				PRODUCT_BUNDLE_IDENTIFIER = com.apple.ExampleProjectTests;
				PRODUCT_NAME = "$(TARGET_NAME)";
				SWIFT_EMIT_LOC_STRINGS = NO;
				SWIFT_VERSION = 5.0;
				TARGETED_DEVICE_FAMILY = "1,2";
				TEST_HOST = "$(BUILT_PRODUCTS_DIR)/ExampleProject.app/$(BUNDLE_EXECUTABLE_FOLDER_PATH)/ExampleProject";
			};
			name = Release;
		};
		C829CCD82AB07768008F2B01 /* Debug */ = {
			isa = XCBuildConfiguration;
			buildSettings = {
				ALWAYS_EMBED_SWIFT_STANDARD_LIBRARIES = YES;
				CODE_SIGN_STYLE = Automatic;
				CURRENT_PROJECT_VERSION = 1;
				GENERATE_INFOPLIST_FILE = YES;
				MARKETING_VERSION = 1.0;
				PRODUCT_BUNDLE_IDENTIFIER = com.apple.ExampleProjectUITests;
				PRODUCT_NAME = "$(TARGET_NAME)";
				SWIFT_EMIT_LOC_STRINGS = NO;
				SWIFT_VERSION = 5.0;
				TARGETED_DEVICE_FAMILY = "1,2";
				TEST_TARGET_NAME = ExampleProject;
			};
			name = Debug;
		};
		C829CCD92AB07768008F2B01 /* Release */ = {
			isa = XCBuildConfiguration;
			buildSettings = {
				ALWAYS_EMBED_SWIFT_STANDARD_LIBRARIES = YES;
				CODE_SIGN_STYLE = Automatic;
				CURRENT_PROJECT_VERSION = 1;
				GENERATE_INFOPLIST_FILE = YES;
				MARKETING_VERSION = 1.0;
				PRODUCT_BUNDLE_IDENTIFIER = com.apple.ExampleProjectUITests;
				PRODUCT_NAME = "$(TARGET_NAME)";
				SWIFT_EMIT_LOC_STRINGS = NO;
				SWIFT_VERSION = 5.0;
				TARGETED_DEVICE_FAMILY = "1,2";
				TEST_TARGET_NAME = ExampleProject;
			};
			name = Release;
		};
/* End XCBuildConfiguration section */

/* Begin XCConfigurationList section */
		C829CCA22AB07767008F2B01 /* Build configuration list for PBXProject "ExampleProject" */ = {
			isa = XCConfigurationList;
			buildConfigurations = (
				C829CCCF2AB07768008F2B01 /* Debug */,
				C829CCD02AB07768008F2B01 /* Release */,
			);
			defaultConfigurationIsVisible = 0;
			defaultConfigurationName = Release;
		};
		C829CCD12AB07768008F2B01 /* Build configuration list for PBXNativeTarget "ExampleProject" */ = {
			isa = XCConfigurationList;
			buildConfigurations = (
				C829CCD22AB07768008F2B01 /* Debug */,
				C829CCD32AB07768008F2B01 /* Release */,
			);
			defaultConfigurationIsVisible = 0;
			defaultConfigurationName = Release;
		};
		C829CCD42AB07768008F2B01 /* Build configuration list for PBXNativeTarget "ExampleProjectTests" */ = {
			isa = XCConfigurationList;
			buildConfigurations = (
				C829CCD52AB07768008F2B01 /* Debug */,
				C829CCD62AB07768008F2B01 /* Release */,
			);
			defaultConfigurationIsVisible = 0;
			defaultConfigurationName = Release;
		};
		C829CCD72AB07768008F2B01 /* Build configuration list for PBXNativeTarget "ExampleProjectUITests" */ = {
			isa = XCConfigurationList;
			buildConfigurations = (
				C829CCD82AB07768008F2B01 /* Debug */,
				C829CCD92AB07768008F2B01 /* Release */,
			);
			defaultConfigurationIsVisible = 0;
			defaultConfigurationName = Release;
		};
/* End XCConfigurationList section */
	};
	rootObject = C829CC9F2AB07767008F2B01 /* Project object */;
}
