// !$*UTF8*$!
{
	archiveVersion = 1;
	classes = {
	};
	objectVersion = 56;
	objects = {

/* Begin PBXBuildFile section */
		C829CBBB2AB01FD1008F2B01 /* AppDelegate.swift in Sources */ = {isa = PBXBuildFile; fileRef = C829CBBA2AB01FD1008F2B01 /* AppDelegate.swift */; };
		C829CBBD2AB01FD1008F2B01 /* SceneDelegate.swift in Sources */ = {isa = PBXBuildFile; fileRef = C829CBBC2AB01FD1008F2B01 /* SceneDelegate.swift */; };
		C829CBBF2AB01FD1008F2B01 /* ViewController.swift in Sources */ = {isa = PBXBuildFile; fileRef = C829CBBE2AB01FD1008F2B01 /* ViewController.swift */; };
		C829CBC22AB01FD1008F2B01 /* Main.storyboard in Resources */ = {isa = PBXBuildFile; fileRef = C829CBC02AB01FD1008F2B01 /* Main.storyboard */; };
		C829CBC42AB01FD2008F2B01 /* Assets.xcassets in Resources */ = {isa = PBXBuildFile; fileRef = C829CBC32AB01FD2008F2B01 /* Assets.xcassets */; };
		C829CBC72AB01FD2008F2B01 /* LaunchScreen.storyboard in Resources */ = {isa = PBXBuildFile; fileRef = C829CBC52AB01FD2008F2B01 /* LaunchScreen.storyboard */; };
		C829CBD22AB01FD2008F2B01 /* Project_2Tests.swift in Sources */ = {isa = PBXBuildFile; fileRef = C829CBD12AB01FD2008F2B01 /* Project_2Tests.swift */; };
		C829CBDC2AB01FD2008F2B01 /* Project_2UITests.swift in Sources */ = {isa = PBXBuildFile; fileRef = C829CBDB2AB01FD2008F2B01 /* Project_2UITests.swift */; };
		C829CBDE2AB01FD2008F2B01 /* Project_2UITestsLaunchTests.swift in Sources */ = {isa = PBXBuildFile; fileRef = C829CBDD2AB01FD2008F2B01 /* Project_2UITestsLaunchTests.swift */; };
/* End PBXBuildFile section */

/* Begin PBXContainerItemProxy section */
		C829CBCE2AB01FD2008F2B01 /* PBXContainerItemProxy */ = {
			isa = PBXContainerItemProxy;
			containerPortal = C829CBAF2AB01FD1008F2B01 /* Project object */;
			proxyType = 1;
			remoteGlobalIDString = C829CBB62AB01FD1008F2B01;
			remoteInfo = Project_2;
		};
		C829CBD82AB01FD2008F2B01 /* PBXContainerItemProxy */ = {
			isa = PBXContainerItemProxy;
			containerPortal = C829CBAF2AB01FD1008F2B01 /* Project object */;
			proxyType = 1;
			remoteGlobalIDString = C829CBB62AB01FD1008F2B01;
			remoteInfo = Project_2;
		};
/* End PBXContainerItemProxy section */

/* Begin PBXFileReference section */
		C829CBB72AB01FD1008F2B01 /* Project_2.app */ = {isa = PBXFileReference; explicitFileType = wrapper.application; includeInIndex = 0; path = Project_2.app; sourceTree = BUILT_PRODUCTS_DIR; };
		C829CBBA2AB01FD1008F2B01 /* AppDelegate.swift */ = {isa = PBXFileReference; lastKnownFileType = sourcecode.swift; path = AppDelegate.swift; sourceTree = "<group>"; };
		C829CBBC2AB01FD1008F2B01 /* SceneDelegate.swift */ = {isa = PBXFileReference; lastKnownFileType = sourcecode.swift; path = SceneDelegate.swift; sourceTree = "<group>"; };
		C829CBBE2AB01FD1008F2B01 /* ViewController.swift */ = {isa = PBXFileReference; lastKnownFileType = sourcecode.swift; path = ViewController.swift; sourceTree = "<group>"; };
		C829CBC12AB01FD1008F2B01 /* Base */ = {isa = PBXFileReference; lastKnownFileType = file.storyboard; name = Base; path = Base.lproj/Main.storyboard; sourceTree = "<group>"; };
		C829CBC32AB01FD2008F2B01 /* Assets.xcassets */ = {isa = PBXFileReference; lastKnownFileType = folder.assetcatalog; path = Assets.xcassets; sourceTree = "<group>"; };
		C829CBC62AB01FD2008F2B01 /* Base */ = {isa = PBXFileReference; lastKnownFileType = file.storyboard; name = Base; path = Base.lproj/LaunchScreen.storyboard; sourceTree = "<group>"; };
		C829CBC82AB01FD2008F2B01 /* Info.plist */ = {isa = PBXFileReference; lastKnownFileType = text.plist.xml; path = Info.plist; sourceTree = "<group>"; };
		C829CBCD2AB01FD2008F2B01 /* Project_2Tests.xctest */ = {isa = PBXFileReference; explicitFileType = wrapper.cfbundle; includeInIndex = 0; path = Project_2Tests.xctest; sourceTree = BUILT_PRODUCTS_DIR; };
		C829CBD12AB01FD2008F2B01 /* Project_2Tests.swift */ = {isa = PBXFileReference; lastKnownFileType = sourcecode.swift; path = Project_2Tests.swift; sourceTree = "<group>"; };
		C829CBD72AB01FD2008F2B01 /* Project_2UITests.xctest */ = {isa = PBXFileReference; explicitFileType = wrapper.cfbundle; includeInIndex = 0; path = Project_2UITests.xctest; sourceTree = BUILT_PRODUCTS_DIR; };
		C829CBDB2AB01FD2008F2B01 /* Project_2UITests.swift */ = {isa = PBXFileReference; lastKnownFileType = sourcecode.swift; path = Project_2UITests.swift; sourceTree = "<group>"; };
		C829CBDD2AB01FD2008F2B01 /* Project_2UITestsLaunchTests.swift */ = {isa = PBXFileReference; lastKnownFileType = sourcecode.swift; path = Project_2UITestsLaunchTests.swift; sourceTree = "<group>"; };
/* End PBXFileReference section */

/* Begin PBXFrameworksBuildPhase section */
		C829CBB42AB01FD1008F2B01 /* Frameworks */ = {
			isa = PBXFrameworksBuildPhase;
			buildActionMask = 2147483647;
			files = (
			);
			runOnlyForDeploymentPostprocessing = 0;
		};
		C829CBCA2AB01FD2008F2B01 /* Frameworks */ = {
			isa = PBXFrameworksBuildPhase;
			buildActionMask = 2147483647;
			files = (
			);
			runOnlyForDeploymentPostprocessing = 0;
		};
		C829CBD42AB01FD2008F2B01 /* Frameworks */ = {
			isa = PBXFrameworksBuildPhase;
			buildActionMask = 2147483647;
			files = (
			);
			runOnlyForDeploymentPostprocessing = 0;
		};
/* End PBXFrameworksBuildPhase section */

/* Begin PBXGroup section */
		C829CBAE2AB01FD1008F2B01 = {
			isa = PBXGroup;
			children = (
				C829CBB92AB01FD1008F2B01 /* Project_2 */,
				C829CBD02AB01FD2008F2B01 /* Project_2Tests */,
				C829CBDA2AB01FD2008F2B01 /* Project_2UITests */,
				C829CBB82AB01FD1008F2B01 /* Products */,
			);
			sourceTree = "<group>";
		};
		C829CBB82AB01FD1008F2B01 /* Products */ = {
			isa = PBXGroup;
			children = (
				C829CBB72AB01FD1008F2B01 /* Project_2.app */,
				C829CBCD2AB01FD2008F2B01 /* Project_2Tests.xctest */,
				C829CBD72AB01FD2008F2B01 /* Project_2UITests.xctest */,
			);
			name = Products;
			sourceTree = "<group>";
		};
		C829CBB92AB01FD1008F2B01 /* Project_2 */ = {
			isa = PBXGroup;
			children = (
				C829CBBA2AB01FD1008F2B01 /* AppDelegate.swift */,
				C829CBBC2AB01FD1008F2B01 /* SceneDelegate.swift */,
				C829CBBE2AB01FD1008F2B01 /* ViewController.swift */,
				C829CBC02AB01FD1008F2B01 /* Main.storyboard */,
				C829CBC32AB01FD2008F2B01 /* Assets.xcassets */,
				C829CBC52AB01FD2008F2B01 /* LaunchScreen.storyboard */,
				C829CBC82AB01FD2008F2B01 /* Info.plist */,
			);
			path = Project_2;
			sourceTree = "<group>";
		};
		C829CBD02AB01FD2008F2B01 /* Project_2Tests */ = {
			isa = PBXGroup;
			children = (
				C829CBD12AB01FD2008F2B01 /* Project_2Tests.swift */,
			);
			path = Project_2Tests;
			sourceTree = "<group>";
		};
		C829CBDA2AB01FD2008F2B01 /* Project_2UITests */ = {
			isa = PBXGroup;
			children = (
				C829CBDB2AB01FD2008F2B01 /* Project_2UITests.swift */,
				C829CBDD2AB01FD2008F2B01 /* Project_2UITestsLaunchTests.swift */,
			);
			path = Project_2UITests;
			sourceTree = "<group>";
		};
/* End PBXGroup section */

/* Begin PBXNativeTarget section */
		C829CBB62AB01FD1008F2B01 /* Project_2 */ = {
			isa = PBXNativeTarget;
			buildConfigurationList = C829CBE12AB01FD2008F2B01 /* Build configuration list for PBXNativeTarget "Project_2" */;
			buildPhases = (
				C829CBB32AB01FD1008F2B01 /* Sources */,
				C829CBB42AB01FD1008F2B01 /* Frameworks */,
				C829CBB52AB01FD1008F2B01 /* Resources */,
			);
			buildRules = (
			);
			dependencies = (
			);
			name = Project_2;
			productName = Project_2;
			productReference = C829CBB72AB01FD1008F2B01 /* Project_2.app */;
			productType = "com.apple.product-type.application";
		};
		C829CBCC2AB01FD2008F2B01 /* Project_2Tests */ = {
			isa = PBXNativeTarget;
			buildConfigurationList = C829CBE42AB01FD2008F2B01 /* Build configuration list for PBXNativeTarget "Project_2Tests" */;
			buildPhases = (
				C829CBC92AB01FD2008F2B01 /* Sources */,
				C829CBCA2AB01FD2008F2B01 /* Frameworks */,
				C829CBCB2AB01FD2008F2B01 /* Resources */,
			);
			buildRules = (
			);
			dependencies = (
				C829CBCF2AB01FD2008F2B01 /* PBXTargetDependency */,
			);
			name = Project_2Tests;
			productName = Project_2Tests;
			productReference = C829CBCD2AB01FD2008F2B01 /* Project_2Tests.xctest */;
			productType = "com.apple.product-type.bundle.unit-test";
		};
		C829CBD62AB01FD2008F2B01 /* Project_2UITests */ = {
			isa = PBXNativeTarget;
			buildConfigurationList = C829CBE72AB01FD2008F2B01 /* Build configuration list for PBXNativeTarget "Project_2UITests" */;
			buildPhases = (
				C829CBD32AB01FD2008F2B01 /* Sources */,
				C829CBD42AB01FD2008F2B01 /* Frameworks */,
				C829CBD52AB01FD2008F2B01 /* Resources */,
			);
			buildRules = (
			);
			dependencies = (
				C829CBD92AB01FD2008F2B01 /* PBXTargetDependency */,
			);
			name = Project_2UITests;
			productName = Project_2UITests;
			productReference = C829CBD72AB01FD2008F2B01 /* Project_2UITests.xctest */;
			productType = "com.apple.product-type.bundle.ui-testing";
		};
/* End PBXNativeTarget section */

/* Begin PBXProject section */
		C829CBAF2AB01FD1008F2B01 /* Project object */ = {
			isa = PBXProject;
			attributes = {
				BuildIndependentTargetsInParallel = 1;
				LastSwiftUpdateCheck = 1430;
				LastUpgradeCheck = 1430;
				TargetAttributes = {
					C829CBB62AB01FD1008F2B01 = {
						CreatedOnToolsVersion = 14.3.1;
					};
					C829CBCC2AB01FD2008F2B01 = {
						CreatedOnToolsVersion = 14.3.1;
						TestTargetID = C829CBB62AB01FD1008F2B01;
					};
					C829CBD62AB01FD2008F2B01 = {
						CreatedOnToolsVersion = 14.3.1;
						TestTargetID = C829CBB62AB01FD1008F2B01;
					};
				};
			};
			buildConfigurationList = C829CBB22AB01FD1008F2B01 /* Build configuration list for PBXProject "Project_2" */;
			compatibilityVersion = "Xcode 14.0";
			developmentRegion = en;
			hasScannedForEncodings = 0;
			knownRegions = (
				en,
				Base,
			);
			mainGroup = C829CBAE2AB01FD1008F2B01;
			productRefGroup = C829CBB82AB01FD1008F2B01 /* Products */;
			projectDirPath = "";
			projectRoot = "";
			targets = (
				C829CBB62AB01FD1008F2B01 /* Project_2 */,
				C829CBCC2AB01FD2008F2B01 /* Project_2Tests */,
				C829CBD62AB01FD2008F2B01 /* Project_2UITests */,
			);
		};
/* End PBXProject section */

/* Begin PBXResourcesBuildPhase section */
		C829CBB52AB01FD1008F2B01 /* Resources */ = {
			isa = PBXResourcesBuildPhase;
			buildActionMask = 2147483647;
			files = (
				C829CBC72AB01FD2008F2B01 /* LaunchScreen.storyboard in Resources */,
				C829CBC42AB01FD2008F2B01 /* Assets.xcassets in Resources */,
				C829CBC22AB01FD1008F2B01 /* Main.storyboard in Resources */,
			);
			runOnlyForDeploymentPostprocessing = 0;
		};
		C829CBCB2AB01FD2008F2B01 /* Resources */ = {
			isa = PBXResourcesBuildPhase;
			buildActionMask = 2147483647;
			files = (
			);
			runOnlyForDeploymentPostprocessing = 0;
		};
		C829CBD52AB01FD2008F2B01 /* Resources */ = {
			isa = PBXResourcesBuildPhase;
			buildActionMask = 2147483647;
			files = (
			);
			runOnlyForDeploymentPostprocessing = 0;
		};
/* End PBXResourcesBuildPhase section */

/* Begin PBXSourcesBuildPhase section */
		C829CBB32AB01FD1008F2B01 /* Sources */ = {
			isa = PBXSourcesBuildPhase;
			buildActionMask = 2147483647;
			files = (
				C829CBBF2AB01FD1008F2B01 /* ViewController.swift in Sources */,
				C829CBBB2AB01FD1008F2B01 /* AppDelegate.swift in Sources */,
				C829CBBD2AB01FD1008F2B01 /* SceneDelegate.swift in Sources */,
			);
			runOnlyForDeploymentPostprocessing = 0;
		};
		C829CBC92AB01FD2008F2B01 /* Sources */ = {
			isa = PBXSourcesBuildPhase;
			buildActionMask = 2147483647;
			files = (
				C829CBD22AB01FD2008F2B01 /* Project_2Tests.swift in Sources */,
			);
			runOnlyForDeploymentPostprocessing = 0;
		};
		C829CBD32AB01FD2008F2B01 /* Sources */ = {
			isa = PBXSourcesBuildPhase;
			buildActionMask = 2147483647;
			files = (
				C829CBDC2AB01FD2008F2B01 /* Project_2UITests.swift in Sources */,
				C829CBDE2AB01FD2008F2B01 /* Project_2UITestsLaunchTests.swift in Sources */,
			);
			runOnlyForDeploymentPostprocessing = 0;
		};
/* End PBXSourcesBuildPhase section */

/* Begin PBXTargetDependency section */
		C829CBCF2AB01FD2008F2B01 /* PBXTargetDependency */ = {
			isa = PBXTargetDependency;
			target = C829CBB62AB01FD1008F2B01 /* Project_2 */;
			targetProxy = C829CBCE2AB01FD2008F2B01 /* PBXContainerItemProxy */;
		};
		C829CBD92AB01FD2008F2B01 /* PBXTargetDependency */ = {
			isa = PBXTargetDependency;
			target = C829CBB62AB01FD1008F2B01 /* Project_2 */;
			targetProxy = C829CBD82AB01FD2008F2B01 /* PBXContainerItemProxy */;
		};
/* End PBXTargetDependency section */

/* Begin PBXVariantGroup section */
		C829CBC02AB01FD1008F2B01 /* Main.storyboard */ = {
			isa = PBXVariantGroup;
			children = (
				C829CBC12AB01FD1008F2B01 /* Base */,
			);
			name = Main.storyboard;
			sourceTree = "<group>";
		};
		C829CBC52AB01FD2008F2B01 /* LaunchScreen.storyboard */ = {
			isa = PBXVariantGroup;
			children = (
				C829CBC62AB01FD2008F2B01 /* Base */,
			);
			name = LaunchScreen.storyboard;
			sourceTree = "<group>";
		};
/* End PBXVariantGroup section */

/* Begin XCBuildConfiguration section */
		C829CBDF2AB01FD2008F2B01 /* Debug */ = {
			isa = XCBuildConfiguration;
			buildSettings = {
				ALWAYS_SEARCH_USER_PATHS = NO;
				CLANG_ANALYZER_NONNULL = YES;
				CLANG_ANALYZER_NUMBER_OBJECT_CONVERSION = YES_AGGRESSIVE;
				CLANG_CXX_LANGUAGE_STANDARD = "gnu++20";
				CLANG_ENABLE_MODULES = YES;
				CLANG_ENABLE_OBJC_ARC = YES;
				CLANG_ENABLE_OBJC_WEAK = YES;
				CLANG_WARN_BLOCK_CAPTURE_AUTORELEASING = YES;
				CLANG_WARN_BOOL_CONVERSION = YES;
				CLANG_WARN_COMMA = YES;
				CLANG_WARN_CONSTANT_CONVERSION = YES;
				CLANG_WARN_DEPRECATED_OBJC_IMPLEMENTATIONS = YES;
				CLANG_WARN_DIRECT_OBJC_ISA_USAGE = YES_ERROR;
				CLANG_WARN_DOCUMENTATION_COMMENTS = YES;
				CLANG_WARN_EMPTY_BODY = YES;
				CLANG_WARN_ENUM_CONVERSION = YES;
				CLANG_WARN_INFINITE_RECURSION = YES;
				CLANG_WARN_INT_CONVERSION = YES;
				CLANG_WARN_NON_LITERAL_NULL_CONVERSION = YES;
				CLANG_WARN_OBJC_IMPLICIT_RETAIN_SELF = YES;
				CLANG_WARN_OBJC_LITERAL_CONVERSION = YES;
				CLANG_WARN_OBJC_ROOT_CLASS = YES_ERROR;
				CLANG_WARN_QUOTED_INCLUDE_IN_FRAMEWORK_HEADER = YES;
				CLANG_WARN_RANGE_LOOP_ANALYSIS = YES;
				CLANG_WARN_STRICT_PROTOTYPES = YES;
				CLANG_WARN_SUSPICIOUS_MOVE = YES;
				CLANG_WARN_UNGUARDED_AVAILABILITY = YES_AGGRESSIVE;
				CLANG_WARN_UNREACHABLE_CODE = YES;
				CLANG_WARN__DUPLICATE_METHOD_MATCH = YES;
				COPY_PHASE_STRIP = NO;
				DEBUG_INFORMATION_FORMAT = dwarf;
				ENABLE_STRICT_OBJC_MSGSEND = YES;
				ENABLE_TESTABILITY = YES;
				GCC_C_LANGUAGE_STANDARD = gnu11;
				GCC_DYNAMIC_NO_PIC = NO;
				GCC_NO_COMMON_BLOCKS = YES;
				GCC_OPTIMIZATION_LEVEL = 0;
				GCC_PREPROCESSOR_DEFINITIONS = (
					"DEBUG=1",
					"$(inherited)",
				);
				GCC_WARN_64_TO_32_BIT_CONVERSION = YES;
				GCC_WARN_ABOUT_RETURN_TYPE = YES_ERROR;
				GCC_WARN_UNDECLARED_SELECTOR = YES;
				GCC_WARN_UNINITIALIZED_AUTOS = YES_AGGRESSIVE;
				GCC_WARN_UNUSED_FUNCTION = YES;
				GCC_WARN_UNUSED_VARIABLE = YES;
				IPHONEOS_DEPLOYMENT_TARGET = 16.4;
				MTL_ENABLE_DEBUG_INFO = INCLUDE_SOURCE;
				MTL_FAST_MATH = YES;
				ONLY_ACTIVE_ARCH = YES;
				SDKROOT = iphoneos;
				SWIFT_ACTIVE_COMPILATION_CONDITIONS = DEBUG;
				SWIFT_OPTIMIZATION_LEVEL = "-Onone";
			};
			name = Debug;
		};
		C829CBE02AB01FD2008F2B01 /* Release */ = {
			isa = XCBuildConfiguration;
			buildSettings = {
				ALWAYS_SEARCH_USER_PATHS = NO;
				CLANG_ANALYZER_NONNULL = YES;
				CLANG_ANALYZER_NUMBER_OBJECT_CONVERSION = YES_AGGRESSIVE;
				CLANG_CXX_LANGUAGE_STANDARD = "gnu++20";
				CLANG_ENABLE_MODULES = YES;
				CLANG_ENABLE_OBJC_ARC = YES;
				CLANG_ENABLE_OBJC_WEAK = YES;
				CLANG_WARN_BLOCK_CAPTURE_AUTORELEASING = YES;
				CLANG_WARN_BOOL_CONVERSION = YES;
				CLANG_WARN_COMMA = YES;
				CLANG_WARN_CONSTANT_CONVERSION = YES;
				CLANG_WARN_DEPRECATED_OBJC_IMPLEMENTATIONS = YES;
				CLANG_WARN_DIRECT_OBJC_ISA_USAGE = YES_ERROR;
				CLANG_WARN_DOCUMENTATION_COMMENTS = YES;
				CLANG_WARN_EMPTY_BODY = YES;
				CLANG_WARN_ENUM_CONVERSION = YES;
				CLANG_WARN_INFINITE_RECURSION = YES;
				CLANG_WARN_INT_CONVERSION = YES;
				CLANG_WARN_NON_LITERAL_NULL_CONVERSION = YES;
				CLANG_WARN_OBJC_IMPLICIT_RETAIN_SELF = YES;
				CLANG_WARN_OBJC_LITERAL_CONVERSION = YES;
				CLANG_WARN_OBJC_ROOT_CLASS = YES_ERROR;
				CLANG_WARN_QUOTED_INCLUDE_IN_FRAMEWORK_HEADER = YES;
				CLANG_WARN_RANGE_LOOP_ANALYSIS = YES;
				CLANG_WARN_STRICT_PROTOTYPES = YES;
				CLANG_WARN_SUSPICIOUS_MOVE = YES;
				CLANG_WARN_UNGUARDED_AVAILABILITY = YES_AGGRESSIVE;
				CLANG_WARN_UNREACHABLE_CODE = YES;
				CLANG_WARN__DUPLICATE_METHOD_MATCH = YES;
				COPY_PHASE_STRIP = NO;
				DEBUG_INFORMATION_FORMAT = "dwarf-with-dsym";
				ENABLE_NS_ASSERTIONS = NO;
				ENABLE_STRICT_OBJC_MSGSEND = YES;
				GCC_C_LANGUAGE_STANDARD = gnu11;
				GCC_NO_COMMON_BLOCKS = YES;
				GCC_WARN_64_TO_32_BIT_CONVERSION = YES;
				GCC_WARN_ABOUT_RETURN_TYPE = YES_ERROR;
				GCC_WARN_UNDECLARED_SELECTOR = YES;
				GCC_WARN_UNINITIALIZED_AUTOS = YES_AGGRESSIVE;
				GCC_WARN_UNUSED_FUNCTION = YES;
				GCC_WARN_UNUSED_VARIABLE = YES;
				IPHONEOS_DEPLOYMENT_TARGET = 16.4;
				MTL_ENABLE_DEBUG_INFO = NO;
				MTL_FAST_MATH = YES;
				SDKROOT = iphoneos;
				SWIFT_COMPILATION_MODE = wholemodule;
				SWIFT_OPTIMIZATION_LEVEL = "-O";
				VALIDATE_PRODUCT = YES;
			};
			name = Release;
		};
		C829CBE22AB01FD2008F2B01 /* Debug */ = {
			isa = XCBuildConfiguration;
			buildSettings = {
				ASSETCATALOG_COMPILER_APPICON_NAME = AppIcon;
				ASSETCATALOG_COMPILER_GLOBAL_ACCENT_COLOR_NAME = AccentColor;
				CODE_SIGN_STYLE = Automatic;
				CURRENT_PROJECT_VERSION = 1;
				GENERATE_INFOPLIST_FILE = YES;
				INFOPLIST_FILE = Project_2/Info.plist;
				INFOPLIST_KEY_UIApplicationSupportsIndirectInputEvents = YES;
				INFOPLIST_KEY_UILaunchStoryboardName = LaunchScreen;
				INFOPLIST_KEY_UIMainStoryboardFile = Main;
				INFOPLIST_KEY_UISupportedInterfaceOrientations_iPad = "UIInterfaceOrientationPortrait UIInterfaceOrientationPortraitUpsideDown UIInterfaceOrientationLandscapeLeft UIInterfaceOrientationLandscapeRight";
				INFOPLIST_KEY_UISupportedInterfaceOrientations_iPhone = "UIInterfaceOrientationPortrait UIInterfaceOrientationLandscapeLeft UIInterfaceOrientationLandscapeRight";
				LD_RUNPATH_SEARCH_PATHS = (
					"$(inherited)",
					"@executable_path/Frameworks",
				);
				MARKETING_VERSION = 1.0;
				PRODUCT_BUNDLE_IDENTIFIER = "com.apple.Project-2";
				PRODUCT_NAME = "$(TARGET_NAME)";
				SWIFT_EMIT_LOC_STRINGS = YES;
				SWIFT_VERSION = 5.0;
				TARGETED_DEVICE_FAMILY = "1,2";
			};
			name = Debug;
		};
		C829CBE32AB01FD2008F2B01 /* Release */ = {
			isa = XCBuildConfiguration;
			buildSettings = {
				ASSETCATALOG_COMPILER_APPICON_NAME = AppIcon;
				ASSETCATALOG_COMPILER_GLOBAL_ACCENT_COLOR_NAME = AccentColor;
				CODE_SIGN_STYLE = Automatic;
				CURRENT_PROJECT_VERSION = 1;
				GENERATE_INFOPLIST_FILE = YES;
				INFOPLIST_FILE = Project_2/Info.plist;
				INFOPLIST_KEY_UIApplicationSupportsIndirectInputEvents = YES;
				INFOPLIST_KEY_UILaunchStoryboardName = LaunchScreen;
				INFOPLIST_KEY_UIMainStoryboardFile = Main;
				INFOPLIST_KEY_UISupportedInterfaceOrientations_iPad = "UIInterfaceOrientationPortrait UIInterfaceOrientationPortraitUpsideDown UIInterfaceOrientationLandscapeLeft UIInterfaceOrientationLandscapeRight";
				INFOPLIST_KEY_UISupportedInterfaceOrientations_iPhone = "UIInterfaceOrientationPortrait UIInterfaceOrientationLandscapeLeft UIInterfaceOrientationLandscapeRight";
				LD_RUNPATH_SEARCH_PATHS = (
					"$(inherited)",
					"@executable_path/Frameworks",
				);
				MARKETING_VERSION = 1.0;
				PRODUCT_BUNDLE_IDENTIFIER = "com.apple.Project-2";
				PRODUCT_NAME = "$(TARGET_NAME)";
				SWIFT_EMIT_LOC_STRINGS = YES;
				SWIFT_VERSION = 5.0;
				TARGETED_DEVICE_FAMILY = "1,2";
			};
			name = Release;
		};
		C829CBE52AB01FD2008F2B01 /* Debug */ = {
			isa = XCBuildConfiguration;
			buildSettings = {
				ALWAYS_EMBED_SWIFT_STANDARD_LIBRARIES = YES;
				BUNDLE_LOADER = "$(TEST_HOST)";
				CODE_SIGN_STYLE = Automatic;
				CURRENT_PROJECT_VERSION = 1;
				GENERATE_INFOPLIST_FILE = YES;
				IPHONEOS_DEPLOYMENT_TARGET = 16.4;
				MARKETING_VERSION = 1.0;
				PRODUCT_BUNDLE_IDENTIFIER = "com.apple.Project-2Tests";
				PRODUCT_NAME = "$(TARGET_NAME)";
				SWIFT_EMIT_LOC_STRINGS = NO;
				SWIFT_VERSION = 5.0;
				TARGETED_DEVICE_FAMILY = "1,2";
				TEST_HOST = "$(BUILT_PRODUCTS_DIR)/Project_2.app/$(BUNDLE_EXECUTABLE_FOLDER_PATH)/Project_2";
			};
			name = Debug;
		};
		C829CBE62AB01FD2008F2B01 /* Release */ = {
			isa = XCBuildConfiguration;
			buildSettings = {
				ALWAYS_EMBED_SWIFT_STANDARD_LIBRARIES = YES;
				BUNDLE_LOADER = "$(TEST_HOST)";
				CODE_SIGN_STYLE = Automatic;
				CURRENT_PROJECT_VERSION = 1;
				GENERATE_INFOPLIST_FILE = YES;
				IPHONEOS_DEPLOYMENT_TARGET = 16.4;
				MARKETING_VERSION = 1.0;
				PRODUCT_BUNDLE_IDENTIFIER = "com.apple.Project-2Tests";
				PRODUCT_NAME = "$(TARGET_NAME)";
				SWIFT_EMIT_LOC_STRINGS = NO;
				SWIFT_VERSION = 5.0;
				TARGETED_DEVICE_FAMILY = "1,2";
				TEST_HOST = "$(BUILT_PRODUCTS_DIR)/Project_2.app/$(BUNDLE_EXECUTABLE_FOLDER_PATH)/Project_2";
			};
			name = Release;
		};
		C829CBE82AB01FD2008F2B01 /* Debug */ = {
			isa = XCBuildConfiguration;
			buildSettings = {
				ALWAYS_EMBED_SWIFT_STANDARD_LIBRARIES = YES;
				CODE_SIGN_STYLE = Automatic;
				CURRENT_PROJECT_VERSION = 1;
				GENERATE_INFOPLIST_FILE = YES;
				MARKETING_VERSION = 1.0;
				PRODUCT_BUNDLE_IDENTIFIER = "com.apple.Project-2UITests";
				PRODUCT_NAME = "$(TARGET_NAME)";
				SWIFT_EMIT_LOC_STRINGS = NO;
				SWIFT_VERSION = 5.0;
				TARGETED_DEVICE_FAMILY = "1,2";
				TEST_TARGET_NAME = Project_2;
			};
			name = Debug;
		};
		C829CBE92AB01FD2008F2B01 /* Release */ = {
			isa = XCBuildConfiguration;
			buildSettings = {
				ALWAYS_EMBED_SWIFT_STANDARD_LIBRARIES = YES;
				CODE_SIGN_STYLE = Automatic;
				CURRENT_PROJECT_VERSION = 1;
				GENERATE_INFOPLIST_FILE = YES;
				MARKETING_VERSION = 1.0;
				PRODUCT_BUNDLE_IDENTIFIER = "com.apple.Project-2UITests";
				PRODUCT_NAME = "$(TARGET_NAME)";
				SWIFT_EMIT_LOC_STRINGS = NO;
				SWIFT_VERSION = 5.0;
				TARGETED_DEVICE_FAMILY = "1,2";
				TEST_TARGET_NAME = Project_2;
			};
			name = Release;
		};
/* End XCBuildConfiguration section */

/* Begin XCConfigurationList section */
		C829CBB22AB01FD1008F2B01 /* Build configuration list for PBXProject "Project_2" */ = {
			isa = XCConfigurationList;
			buildConfigurations = (
				C829CBDF2AB01FD2008F2B01 /* Debug */,
				C829CBE02AB01FD2008F2B01 /* Release */,
			);
			defaultConfigurationIsVisible = 0;
			defaultConfigurationName = Release;
		};
		C829CBE12AB01FD2008F2B01 /* Build configuration list for PBXNativeTarget "Project_2" */ = {
			isa = XCConfigurationList;
			buildConfigurations = (
				C829CBE22AB01FD2008F2B01 /* Debug */,
				C829CBE32AB01FD2008F2B01 /* Release */,
			);
			defaultConfigurationIsVisible = 0;
			defaultConfigurationName = Release;
		};
		C829CBE42AB01FD2008F2B01 /* Build configuration list for PBXNativeTarget "Project_2Tests" */ = {
			isa = XCConfigurationList;
			buildConfigurations = (
				C829CBE52AB01FD2008F2B01 /* Debug */,
				C829CBE62AB01FD2008F2B01 /* Release */,
			);
			defaultConfigurationIsVisible = 0;
			defaultConfigurationName = Release;
		};
		C829CBE72AB01FD2008F2B01 /* Build configuration list for PBXNativeTarget "Project_2UITests" */ = {
			isa = XCConfigurationList;
			buildConfigurations = (
				C829CBE82AB01FD2008F2B01 /* Debug */,
				C829CBE92AB01FD2008F2B01 /* Release */,
			);
			defaultConfigurationIsVisible = 0;
			defaultConfigurationName = Release;
		};
/* End XCConfigurationList section */
	};
	rootObject = C829CBAF2AB01FD1008F2B01 /* Project object */;
}
