// !$*UTF8*$!
{
	archiveVersion = 1;
	classes = {
	};
	objectVersion = 56;
	objects = {

/* Begin PBXBuildFile section */
		C829CB7D2AB018D5008F2B01 /* AppDelegate.swift in Sources */ = {isa = PBXBuildFile; fileRef = C829CB7C2AB018D5008F2B01 /* AppDelegate.swift */; };
		C829CB7F2AB018D5008F2B01 /* SceneDelegate.swift in Sources */ = {isa = PBXBuildFile; fileRef = C829CB7E2AB018D5008F2B01 /* SceneDelegate.swift */; };
		C829CB812AB018D5008F2B01 /* ViewController.swift in Sources */ = {isa = PBXBuildFile; fileRef = C829CB802AB018D5008F2B01 /* ViewController.swift */; };
		C829CB842AB018D5008F2B01 /* Main.storyboard in Resources */ = {isa = PBXBuildFile; fileRef = C829CB822AB018D5008F2B01 /* Main.storyboard */; };
		C829CB862AB018D6008F2B01 /* Assets.xcassets in Resources */ = {isa = PBXBuildFile; fileRef = C829CB852AB018D6008F2B01 /* Assets.xcassets */; };
		C829CB892AB018D6008F2B01 /* LaunchScreen.storyboard in Resources */ = {isa = PBXBuildFile; fileRef = C829CB872AB018D6008F2B01 /* LaunchScreen.storyboard */; };
		C829CB942AB018D6008F2B01 /* Project_1Tests.swift in Sources */ = {isa = PBXBuildFile; fileRef = C829CB932AB018D6008F2B01 /* Project_1Tests.swift */; };
		C829CB9E2AB018D6008F2B01 /* Project_1UITests.swift in Sources */ = {isa = PBXBuildFile; fileRef = C829CB9D2AB018D6008F2B01 /* Project_1UITests.swift */; };
		C829CBA02AB018D6008F2B01 /* Project_1UITestsLaunchTests.swift in Sources */ = {isa = PBXBuildFile; fileRef = C829CB9F2AB018D6008F2B01 /* Project_1UITestsLaunchTests.swift */; };
/* End PBXBuildFile section */

/* Begin PBXContainerItemProxy section */
		C829CB902AB018D6008F2B01 /* PBXContainerItemProxy */ = {
			isa = PBXContainerItemProxy;
			containerPortal = C829CB712AB018D5008F2B01 /* Project object */;
			proxyType = 1;
			remoteGlobalIDString = C829CB782AB018D5008F2B01;
			remoteInfo = Project_1;
		};
		C829CB9A2AB018D6008F2B01 /* PBXContainerItemProxy */ = {
			isa = PBXContainerItemProxy;
			containerPortal = C829CB712AB018D5008F2B01 /* Project object */;
			proxyType = 1;
			remoteGlobalIDString = C829CB782AB018D5008F2B01;
			remoteInfo = Project_1;
		};
/* End PBXContainerItemProxy section */

/* Begin PBXFileReference section */
		C829CB792AB018D5008F2B01 /* Project_1.app */ = {isa = PBXFileReference; explicitFileType = wrapper.application; includeInIndex = 0; path = Project_1.app; sourceTree = BUILT_PRODUCTS_DIR; };
		C829CB7C2AB018D5008F2B01 /* AppDelegate.swift */ = {isa = PBXFileReference; lastKnownFileType = sourcecode.swift; path = AppDelegate.swift; sourceTree = "<group>"; };
		C829CB7E2AB018D5008F2B01 /* SceneDelegate.swift */ = {isa = PBXFileReference; lastKnownFileType = sourcecode.swift; path = SceneDelegate.swift; sourceTree = "<group>"; };
		C829CB802AB018D5008F2B01 /* ViewController.swift */ = {isa = PBXFileReference; lastKnownFileType = sourcecode.swift; path = ViewController.swift; sourceTree = "<group>"; };
		C829CB832AB018D5008F2B01 /* Base */ = {isa = PBXFileReference; lastKnownFileType = file.storyboard; name = Base; path = Base.lproj/Main.storyboard; sourceTree = "<group>"; };
		C829CB852AB018D6008F2B01 /* Assets.xcassets */ = {isa = PBXFileReference; lastKnownFileType = folder.assetcatalog; path = Assets.xcassets; sourceTree = "<group>"; };
		C829CB882AB018D6008F2B01 /* Base */ = {isa = PBXFileReference; lastKnownFileType = file.storyboard; name = Base; path = Base.lproj/LaunchScreen.storyboard; sourceTree = "<group>"; };
		C829CB8A2AB018D6008F2B01 /* Info.plist */ = {isa = PBXFileReference; lastKnownFileType = text.plist.xml; path = Info.plist; sourceTree = "<group>"; };
		C829CB8F2AB018D6008F2B01 /* Project_1Tests.xctest */ = {isa = PBXFileReference; explicitFileType = wrapper.cfbundle; includeInIndex = 0; path = Project_1Tests.xctest; sourceTree = BUILT_PRODUCTS_DIR; };
		C829CB932AB018D6008F2B01 /* Project_1Tests.swift */ = {isa = PBXFileReference; lastKnownFileType = sourcecode.swift; path = Project_1Tests.swift; sourceTree = "<group>"; };
		C829CB992AB018D6008F2B01 /* Project_1UITests.xctest */ = {isa = PBXFileReference; explicitFileType = wrapper.cfbundle; includeInIndex = 0; path = Project_1UITests.xctest; sourceTree = BUILT_PRODUCTS_DIR; };
		C829CB9D2AB018D6008F2B01 /* Project_1UITests.swift */ = {isa = PBXFileReference; lastKnownFileType = sourcecode.swift; path = Project_1UITests.swift; sourceTree = "<group>"; };
		C829CB9F2AB018D6008F2B01 /* Project_1UITestsLaunchTests.swift */ = {isa = PBXFileReference; lastKnownFileType = sourcecode.swift; path = Project_1UITestsLaunchTests.swift; sourceTree = "<group>"; };
/* End PBXFileReference section */

/* Begin PBXFrameworksBuildPhase section */
		C829CB762AB018D5008F2B01 /* Frameworks */ = {
			isa = PBXFrameworksBuildPhase;
			buildActionMask = 2147483647;
			files = (
			);
			runOnlyForDeploymentPostprocessing = 0;
		};
		C829CB8C2AB018D6008F2B01 /* Frameworks */ = {
			isa = PBXFrameworksBuildPhase;
			buildActionMask = 2147483647;
			files = (
			);
			runOnlyForDeploymentPostprocessing = 0;
		};
		C829CB962AB018D6008F2B01 /* Frameworks */ = {
			isa = PBXFrameworksBuildPhase;
			buildActionMask = 2147483647;
			files = (
			);
			runOnlyForDeploymentPostprocessing = 0;
		};
/* End PBXFrameworksBuildPhase section */

/* Begin PBXGroup section */
		C829CB702AB018D5008F2B01 = {
			isa = PBXGroup;
			children = (
				C829CB7B2AB018D5008F2B01 /* Project_1 */,
				C829CB922AB018D6008F2B01 /* Project_1Tests */,
				C829CB9C2AB018D6008F2B01 /* Project_1UITests */,
				C829CB7A2AB018D5008F2B01 /* Products */,
			);
			sourceTree = "<group>";
		};
		C829CB7A2AB018D5008F2B01 /* Products */ = {
			isa = PBXGroup;
			children = (
				C829CB792AB018D5008F2B01 /* Project_1.app */,
				C829CB8F2AB018D6008F2B01 /* Project_1Tests.xctest */,
				C829CB992AB018D6008F2B01 /* Project_1UITests.xctest */,
			);
			name = Products;
			sourceTree = "<group>";
		};
		C829CB7B2AB018D5008F2B01 /* Project_1 */ = {
			isa = PBXGroup;
			children = (
				C829CB7C2AB018D5008F2B01 /* AppDelegate.swift */,
				C829CB7E2AB018D5008F2B01 /* SceneDelegate.swift */,
				C829CB802AB018D5008F2B01 /* ViewController.swift */,
				C829CB822AB018D5008F2B01 /* Main.storyboard */,
				C829CB852AB018D6008F2B01 /* Assets.xcassets */,
				C829CB872AB018D6008F2B01 /* LaunchScreen.storyboard */,
				C829CB8A2AB018D6008F2B01 /* Info.plist */,
			);
			path = Project_1;
			sourceTree = "<group>";
		};
		C829CB922AB018D6008F2B01 /* Project_1Tests */ = {
			isa = PBXGroup;
			children = (
				C829CB932AB018D6008F2B01 /* Project_1Tests.swift */,
			);
			path = Project_1Tests;
			sourceTree = "<group>";
		};
		C829CB9C2AB018D6008F2B01 /* Project_1UITests */ = {
			isa = PBXGroup;
			children = (
				C829CB9D2AB018D6008F2B01 /* Project_1UITests.swift */,
				C829CB9F2AB018D6008F2B01 /* Project_1UITestsLaunchTests.swift */,
			);
			path = Project_1UITests;
			sourceTree = "<group>";
		};
/* End PBXGroup section */

/* Begin PBXNativeTarget section */
		C829CB782AB018D5008F2B01 /* Project_1 */ = {
			isa = PBXNativeTarget;
			buildConfigurationList = C829CBA32AB018D6008F2B01 /* Build configuration list for PBXNativeTarget "Project_1" */;
			buildPhases = (
				C829CB752AB018D5008F2B01 /* Sources */,
				C829CB762AB018D5008F2B01 /* Frameworks */,
				C829CB772AB018D5008F2B01 /* Resources */,
			);
			buildRules = (
			);
			dependencies = (
			);
			name = Project_1;
			productName = Project_1;
			productReference = C829CB792AB018D5008F2B01 /* Project_1.app */;
			productType = "com.apple.product-type.application";
		};
		C829CB8E2AB018D6008F2B01 /* Project_1Tests */ = {
			isa = PBXNativeTarget;
			buildConfigurationList = C829CBA62AB018D6008F2B01 /* Build configuration list for PBXNativeTarget "Project_1Tests" */;
			buildPhases = (
				C829CB8B2AB018D6008F2B01 /* Sources */,
				C829CB8C2AB018D6008F2B01 /* Frameworks */,
				C829CB8D2AB018D6008F2B01 /* Resources */,
			);
			buildRules = (
			);
			dependencies = (
				C829CB912AB018D6008F2B01 /* PBXTargetDependency */,
			);
			name = Project_1Tests;
			productName = Project_1Tests;
			productReference = C829CB8F2AB018D6008F2B01 /* Project_1Tests.xctest */;
			productType = "com.apple.product-type.bundle.unit-test";
		};
		C829CB982AB018D6008F2B01 /* Project_1UITests */ = {
			isa = PBXNativeTarget;
			buildConfigurationList = C829CBA92AB018D6008F2B01 /* Build configuration list for PBXNativeTarget "Project_1UITests" */;
			buildPhases = (
				C829CB952AB018D6008F2B01 /* Sources */,
				C829CB962AB018D6008F2B01 /* Frameworks */,
				C829CB972AB018D6008F2B01 /* Resources */,
			);
			buildRules = (
			);
			dependencies = (
				C829CB9B2AB018D6008F2B01 /* PBXTargetDependency */,
			);
			name = Project_1UITests;
			productName = Project_1UITests;
			productReference = C829CB992AB018D6008F2B01 /* Project_1UITests.xctest */;
			productType = "com.apple.product-type.bundle.ui-testing";
		};
/* End PBXNativeTarget section */

/* Begin PBXProject section */
		C829CB712AB018D5008F2B01 /* Project object */ = {
			isa = PBXProject;
			attributes = {
				BuildIndependentTargetsInParallel = 1;
				LastSwiftUpdateCheck = 1430;
				LastUpgradeCheck = 1430;
				TargetAttributes = {
					C829CB782AB018D5008F2B01 = {
						CreatedOnToolsVersion = 14.3.1;
					};
					C829CB8E2AB018D6008F2B01 = {
						CreatedOnToolsVersion = 14.3.1;
						TestTargetID = C829CB782AB018D5008F2B01;
					};
					C829CB982AB018D6008F2B01 = {
						CreatedOnToolsVersion = 14.3.1;
						TestTargetID = C829CB782AB018D5008F2B01;
					};
				};
			};
			buildConfigurationList = C829CB742AB018D5008F2B01 /* Build configuration list for PBXProject "Project_1" */;
			compatibilityVersion = "Xcode 14.0";
			developmentRegion = en;
			hasScannedForEncodings = 0;
			knownRegions = (
				en,
				Base,
			);
			mainGroup = C829CB702AB018D5008F2B01;
			productRefGroup = C829CB7A2AB018D5008F2B01 /* Products */;
			projectDirPath = "";
			projectRoot = "";
			targets = (
				C829CB782AB018D5008F2B01 /* Project_1 */,
				C829CB8E2AB018D6008F2B01 /* Project_1Tests */,
				C829CB982AB018D6008F2B01 /* Project_1UITests */,
			);
		};
/* End PBXProject section */

/* Begin PBXResourcesBuildPhase section */
		C829CB772AB018D5008F2B01 /* Resources */ = {
			isa = PBXResourcesBuildPhase;
			buildActionMask = 2147483647;
			files = (
				C829CB892AB018D6008F2B01 /* LaunchScreen.storyboard in Resources */,
				C829CB862AB018D6008F2B01 /* Assets.xcassets in Resources */,
				C829CB842AB018D5008F2B01 /* Main.storyboard in Resources */,
			);
			runOnlyForDeploymentPostprocessing = 0;
		};
		C829CB8D2AB018D6008F2B01 /* Resources */ = {
			isa = PBXResourcesBuildPhase;
			buildActionMask = 2147483647;
			files = (
			);
			runOnlyForDeploymentPostprocessing = 0;
		};
		C829CB972AB018D6008F2B01 /* Resources */ = {
			isa = PBXResourcesBuildPhase;
			buildActionMask = 2147483647;
			files = (
			);
			runOnlyForDeploymentPostprocessing = 0;
		};
/* End PBXResourcesBuildPhase section */

/* Begin PBXSourcesBuildPhase section */
		C829CB752AB018D5008F2B01 /* Sources */ = {
			isa = PBXSourcesBuildPhase;
			buildActionMask = 2147483647;
			files = (
				C829CB812AB018D5008F2B01 /* ViewController.swift in Sources */,
				C829CB7D2AB018D5008F2B01 /* AppDelegate.swift in Sources */,
				C829CB7F2AB018D5008F2B01 /* SceneDelegate.swift in Sources */,
			);
			runOnlyForDeploymentPostprocessing = 0;
		};
		C829CB8B2AB018D6008F2B01 /* Sources */ = {
			isa = PBXSourcesBuildPhase;
			buildActionMask = 2147483647;
			files = (
				C829CB942AB018D6008F2B01 /* Project_1Tests.swift in Sources */,
			);
			runOnlyForDeploymentPostprocessing = 0;
		};
		C829CB952AB018D6008F2B01 /* Sources */ = {
			isa = PBXSourcesBuildPhase;
			buildActionMask = 2147483647;
			files = (
				C829CBA02AB018D6008F2B01 /* Project_1UITestsLaunchTests.swift in Sources */,
				C829CB9E2AB018D6008F2B01 /* Project_1UITests.swift in Sources */,
			);
			runOnlyForDeploymentPostprocessing = 0;
		};
/* End PBXSourcesBuildPhase section */

/* Begin PBXTargetDependency section */
		C829CB912AB018D6008F2B01 /* PBXTargetDependency */ = {
			isa = PBXTargetDependency;
			target = C829CB782AB018D5008F2B01 /* Project_1 */;
			targetProxy = C829CB902AB018D6008F2B01 /* PBXContainerItemProxy */;
		};
		C829CB9B2AB018D6008F2B01 /* PBXTargetDependency */ = {
			isa = PBXTargetDependency;
			target = C829CB782AB018D5008F2B01 /* Project_1 */;
			targetProxy = C829CB9A2AB018D6008F2B01 /* PBXContainerItemProxy */;
		};
/* End PBXTargetDependency section */

/* Begin PBXVariantGroup section */
		C829CB822AB018D5008F2B01 /* Main.storyboard */ = {
			isa = PBXVariantGroup;
			children = (
				C829CB832AB018D5008F2B01 /* Base */,
			);
			name = Main.storyboard;
			sourceTree = "<group>";
		};
		C829CB872AB018D6008F2B01 /* LaunchScreen.storyboard */ = {
			isa = PBXVariantGroup;
			children = (
				C829CB882AB018D6008F2B01 /* Base */,
			);
			name = LaunchScreen.storyboard;
			sourceTree = "<group>";
		};
/* End PBXVariantGroup section */

/* Begin XCBuildConfiguration section */
		C829CBA12AB018D6008F2B01 /* Debug */ = {
			isa = XCBuildConfiguration;
			buildSettings = {
				ALWAYS_SEARCH_USER_PATHS = NO;
				CLANG_ANALYZER_NONNULL = YES;
				CLANG_ANALYZER_NUMBER_OBJECT_CONVERSION = YES_AGGRESSIVE;
				CLANG_CXX_LANGUAGE_STANDARD = "gnu++20";
				CLANG_ENABLE_MODULES = YES;
				CLANG_ENABLE_OBJC_ARC = YES;
				CLANG_ENABLE_OBJC_WEAK = YES;
				CLANG_WARN_BLOCK_CAPTURE_AUTORELEASING = YES;
				CLANG_WARN_BOOL_CONVERSION = YES;
				CLANG_WARN_COMMA = YES;
				CLANG_WARN_CONSTANT_CONVERSION = YES;
				CLANG_WARN_DEPRECATED_OBJC_IMPLEMENTATIONS = YES;
				CLANG_WARN_DIRECT_OBJC_ISA_USAGE = YES_ERROR;
				CLANG_WARN_DOCUMENTATION_COMMENTS = YES;
				CLANG_WARN_EMPTY_BODY = YES;
				CLANG_WARN_ENUM_CONVERSION = YES;
				CLANG_WARN_INFINITE_RECURSION = YES;
				CLANG_WARN_INT_CONVERSION = YES;
				CLANG_WARN_NON_LITERAL_NULL_CONVERSION = YES;
				CLANG_WARN_OBJC_IMPLICIT_RETAIN_SELF = YES;
				CLANG_WARN_OBJC_LITERAL_CONVERSION = YES;
				CLANG_WARN_OBJC_ROOT_CLASS = YES_ERROR;
				CLANG_WARN_QUOTED_INCLUDE_IN_FRAMEWORK_HEADER = YES;
				CLANG_WARN_RANGE_LOOP_ANALYSIS = YES;
				CLANG_WARN_STRICT_PROTOTYPES = YES;
				CLANG_WARN_SUSPICIOUS_MOVE = YES;
				CLANG_WARN_UNGUARDED_AVAILABILITY = YES_AGGRESSIVE;
				CLANG_WARN_UNREACHABLE_CODE = YES;
				CLANG_WARN__DUPLICATE_METHOD_MATCH = YES;
				COPY_PHASE_STRIP = NO;
				DEBUG_INFORMATION_FORMAT = dwarf;
				ENABLE_STRICT_OBJC_MSGSEND = YES;
				ENABLE_TESTABILITY = YES;
				GCC_C_LANGUAGE_STANDARD = gnu11;
				GCC_DYNAMIC_NO_PIC = NO;
				GCC_NO_COMMON_BLOCKS = YES;
				GCC_OPTIMIZATION_LEVEL = 0;
				GCC_PREPROCESSOR_DEFINITIONS = (
					"DEBUG=1",
					"$(inherited)",
				);
				GCC_WARN_64_TO_32_BIT_CONVERSION = YES;
				GCC_WARN_ABOUT_RETURN_TYPE = YES_ERROR;
				GCC_WARN_UNDECLARED_SELECTOR = YES;
				GCC_WARN_UNINITIALIZED_AUTOS = YES_AGGRESSIVE;
				GCC_WARN_UNUSED_FUNCTION = YES;
				GCC_WARN_UNUSED_VARIABLE = YES;
				IPHONEOS_DEPLOYMENT_TARGET = 16.4;
				MTL_ENABLE_DEBUG_INFO = INCLUDE_SOURCE;
				MTL_FAST_MATH = YES;
				ONLY_ACTIVE_ARCH = YES;
				SDKROOT = iphoneos;
				SWIFT_ACTIVE_COMPILATION_CONDITIONS = DEBUG;
				SWIFT_OPTIMIZATION_LEVEL = "-Onone";
			};
			name = Debug;
		};
		C829CBA22AB018D6008F2B01 /* Release */ = {
			isa = XCBuildConfiguration;
			buildSettings = {
				ALWAYS_SEARCH_USER_PATHS = NO;
				CLANG_ANALYZER_NONNULL = YES;
				CLANG_ANALYZER_NUMBER_OBJECT_CONVERSION = YES_AGGRESSIVE;
				CLANG_CXX_LANGUAGE_STANDARD = "gnu++20";
				CLANG_ENABLE_MODULES = YES;
				CLANG_ENABLE_OBJC_ARC = YES;
				CLANG_ENABLE_OBJC_WEAK = YES;
				CLANG_WARN_BLOCK_CAPTURE_AUTORELEASING = YES;
				CLANG_WARN_BOOL_CONVERSION = YES;
				CLANG_WARN_COMMA = YES;
				CLANG_WARN_CONSTANT_CONVERSION = YES;
				CLANG_WARN_DEPRECATED_OBJC_IMPLEMENTATIONS = YES;
				CLANG_WARN_DIRECT_OBJC_ISA_USAGE = YES_ERROR;
				CLANG_WARN_DOCUMENTATION_COMMENTS = YES;
				CLANG_WARN_EMPTY_BODY = YES;
				CLANG_WARN_ENUM_CONVERSION = YES;
				CLANG_WARN_INFINITE_RECURSION = YES;
				CLANG_WARN_INT_CONVERSION = YES;
				CLANG_WARN_NON_LITERAL_NULL_CONVERSION = YES;
				CLANG_WARN_OBJC_IMPLICIT_RETAIN_SELF = YES;
				CLANG_WARN_OBJC_LITERAL_CONVERSION = YES;
				CLANG_WARN_OBJC_ROOT_CLASS = YES_ERROR;
				CLANG_WARN_QUOTED_INCLUDE_IN_FRAMEWORK_HEADER = YES;
				CLANG_WARN_RANGE_LOOP_ANALYSIS = YES;
				CLANG_WARN_STRICT_PROTOTYPES = YES;
				CLANG_WARN_SUSPICIOUS_MOVE = YES;
				CLANG_WARN_UNGUARDED_AVAILABILITY = YES_AGGRESSIVE;
				CLANG_WARN_UNREACHABLE_CODE = YES;
				CLANG_WARN__DUPLICATE_METHOD_MATCH = YES;
				COPY_PHASE_STRIP = NO;
				DEBUG_INFORMATION_FORMAT = "dwarf-with-dsym";
				ENABLE_NS_ASSERTIONS = NO;
				ENABLE_STRICT_OBJC_MSGSEND = YES;
				GCC_C_LANGUAGE_STANDARD = gnu11;
				GCC_NO_COMMON_BLOCKS = YES;
				GCC_WARN_64_TO_32_BIT_CONVERSION = YES;
				GCC_WARN_ABOUT_RETURN_TYPE = YES_ERROR;
				GCC_WARN_UNDECLARED_SELECTOR = YES;
				GCC_WARN_UNINITIALIZED_AUTOS = YES_AGGRESSIVE;
				GCC_WARN_UNUSED_FUNCTION = YES;
				GCC_WARN_UNUSED_VARIABLE = YES;
				IPHONEOS_DEPLOYMENT_TARGET = 16.4;
				MTL_ENABLE_DEBUG_INFO = NO;
				MTL_FAST_MATH = YES;
				SDKROOT = iphoneos;
				SWIFT_COMPILATION_MODE = wholemodule;
				SWIFT_OPTIMIZATION_LEVEL = "-O";
				VALIDATE_PRODUCT = YES;
			};
			name = Release;
		};
		C829CBA42AB018D6008F2B01 /* Debug */ = {
			isa = XCBuildConfiguration;
			buildSettings = {
				ASSETCATALOG_COMPILER_APPICON_NAME = AppIcon;
				ASSETCATALOG_COMPILER_GLOBAL_ACCENT_COLOR_NAME = AccentColor;
				CODE_SIGN_STYLE = Automatic;
				CURRENT_PROJECT_VERSION = 1;
				GENERATE_INFOPLIST_FILE = YES;
				INFOPLIST_FILE = Project_1/Info.plist;
				INFOPLIST_KEY_UIApplicationSupportsIndirectInputEvents = YES;
				INFOPLIST_KEY_UILaunchStoryboardName = LaunchScreen;
				INFOPLIST_KEY_UIMainStoryboardFile = Main;
				INFOPLIST_KEY_UISupportedInterfaceOrientations_iPad = "UIInterfaceOrientationPortrait UIInterfaceOrientationPortraitUpsideDown UIInterfaceOrientationLandscapeLeft UIInterfaceOrientationLandscapeRight";
				INFOPLIST_KEY_UISupportedInterfaceOrientations_iPhone = "UIInterfaceOrientationPortrait UIInterfaceOrientationLandscapeLeft UIInterfaceOrientationLandscapeRight";
				LD_RUNPATH_SEARCH_PATHS = (
					"$(inherited)",
					"@executable_path/Frameworks",
				);
				MARKETING_VERSION = 1.0;
				PRODUCT_BUNDLE_IDENTIFIER = "com.apple.Project-1";
				PRODUCT_NAME = "$(TARGET_NAME)";
				SWIFT_EMIT_LOC_STRINGS = YES;
				SWIFT_VERSION = 5.0;
				TARGETED_DEVICE_FAMILY = "1,2";
			};
			name = Debug;
		};
		C829CBA52AB018D6008F2B01 /* Release */ = {
			isa = XCBuildConfiguration;
			buildSettings = {
				ASSETCATALOG_COMPILER_APPICON_NAME = AppIcon;
				ASSETCATALOG_COMPILER_GLOBAL_ACCENT_COLOR_NAME = AccentColor;
				CODE_SIGN_STYLE = Automatic;
				CURRENT_PROJECT_VERSION = 1;
				GENERATE_INFOPLIST_FILE = YES;
				INFOPLIST_FILE = Project_1/Info.plist;
				INFOPLIST_KEY_UIApplicationSupportsIndirectInputEvents = YES;
				INFOPLIST_KEY_UILaunchStoryboardName = LaunchScreen;
				INFOPLIST_KEY_UIMainStoryboardFile = Main;
				INFOPLIST_KEY_UISupportedInterfaceOrientations_iPad = "UIInterfaceOrientationPortrait UIInterfaceOrientationPortraitUpsideDown UIInterfaceOrientationLandscapeLeft UIInterfaceOrientationLandscapeRight";
				INFOPLIST_KEY_UISupportedInterfaceOrientations_iPhone = "UIInterfaceOrientationPortrait UIInterfaceOrientationLandscapeLeft UIInterfaceOrientationLandscapeRight";
				LD_RUNPATH_SEARCH_PATHS = (
					"$(inherited)",
					"@executable_path/Frameworks",
				);
				MARKETING_VERSION = 1.0;
				PRODUCT_BUNDLE_IDENTIFIER = "com.apple.Project-1";
				PRODUCT_NAME = "$(TARGET_NAME)";
				SWIFT_EMIT_LOC_STRINGS = YES;
				SWIFT_VERSION = 5.0;
				TARGETED_DEVICE_FAMILY = "1,2";
			};
			name = Release;
		};
		C829CBA72AB018D6008F2B01 /* Debug */ = {
			isa = XCBuildConfiguration;
			buildSettings = {
				ALWAYS_EMBED_SWIFT_STANDARD_LIBRARIES = YES;
				BUNDLE_LOADER = "$(TEST_HOST)";
				CODE_SIGN_STYLE = Automatic;
				CURRENT_PROJECT_VERSION = 1;
				GENERATE_INFOPLIST_FILE = YES;
				IPHONEOS_DEPLOYMENT_TARGET = 16.4;
				MARKETING_VERSION = 1.0;
				PRODUCT_BUNDLE_IDENTIFIER = "com.apple.Project-1Tests";
				PRODUCT_NAME = "$(TARGET_NAME)";
				SWIFT_EMIT_LOC_STRINGS = NO;
				SWIFT_VERSION = 5.0;
				TARGETED_DEVICE_FAMILY = "1,2";
				TEST_HOST = "$(BUILT_PRODUCTS_DIR)/Project_1.app/$(BUNDLE_EXECUTABLE_FOLDER_PATH)/Project_1";
			};
			name = Debug;
		};
		C829CBA82AB018D6008F2B01 /* Release */ = {
			isa = XCBuildConfiguration;
			buildSettings = {
				ALWAYS_EMBED_SWIFT_STANDARD_LIBRARIES = YES;
				BUNDLE_LOADER = "$(TEST_HOST)";
				CODE_SIGN_STYLE = Automatic;
				CURRENT_PROJECT_VERSION = 1;
				GENERATE_INFOPLIST_FILE = YES;
				IPHONEOS_DEPLOYMENT_TARGET = 16.4;
				MARKETING_VERSION = 1.0;
				PRODUCT_BUNDLE_IDENTIFIER = "com.apple.Project-1Tests";
				PRODUCT_NAME = "$(TARGET_NAME)";
				SWIFT_EMIT_LOC_STRINGS = NO;
				SWIFT_VERSION = 5.0;
				TARGETED_DEVICE_FAMILY = "1,2";
				TEST_HOST = "$(BUILT_PRODUCTS_DIR)/Project_1.app/$(BUNDLE_EXECUTABLE_FOLDER_PATH)/Project_1";
			};
			name = Release;
		};
		C829CBAA2AB018D6008F2B01 /* Debug */ = {
			isa = XCBuildConfiguration;
			buildSettings = {
				ALWAYS_EMBED_SWIFT_STANDARD_LIBRARIES = YES;
				CODE_SIGN_STYLE = Automatic;
				CURRENT_PROJECT_VERSION = 1;
				GENERATE_INFOPLIST_FILE = YES;
				MARKETING_VERSION = 1.0;
				PRODUCT_BUNDLE_IDENTIFIER = "com.apple.Project-1UITests";
				PRODUCT_NAME = "$(TARGET_NAME)";
				SWIFT_EMIT_LOC_STRINGS = NO;
				SWIFT_VERSION = 5.0;
				TARGETED_DEVICE_FAMILY = "1,2";
				TEST_TARGET_NAME = Project_1;
			};
			name = Debug;
		};
		C829CBAB2AB018D6008F2B01 /* Release */ = {
			isa = XCBuildConfiguration;
			buildSettings = {
				ALWAYS_EMBED_SWIFT_STANDARD_LIBRARIES = YES;
				CODE_SIGN_STYLE = Automatic;
				CURRENT_PROJECT_VERSION = 1;
				GENERATE_INFOPLIST_FILE = YES;
				MARKETING_VERSION = 1.0;
				PRODUCT_BUNDLE_IDENTIFIER = "com.apple.Project-1UITests";
				PRODUCT_NAME = "$(TARGET_NAME)";
				SWIFT_EMIT_LOC_STRINGS = NO;
				SWIFT_VERSION = 5.0;
				TARGETED_DEVICE_FAMILY = "1,2";
				TEST_TARGET_NAME = Project_1;
			};
			name = Release;
		};
/* End XCBuildConfiguration section */

/* Begin XCConfigurationList section */
		C829CB742AB018D5008F2B01 /* Build configuration list for PBXProject "Project_1" */ = {
			isa = XCConfigurationList;
			buildConfigurations = (
				C829CBA12AB018D6008F2B01 /* Debug */,
				C829CBA22AB018D6008F2B01 /* Release */,
			);
			defaultConfigurationIsVisible = 0;
			defaultConfigurationName = Release;
		};
		C829CBA32AB018D6008F2B01 /* Build configuration list for PBXNativeTarget "Project_1" */ = {
			isa = XCConfigurationList;
			buildConfigurations = (
				C829CBA42AB018D6008F2B01 /* Debug */,
				C829CBA52AB018D6008F2B01 /* Release */,
			);
			defaultConfigurationIsVisible = 0;
			defaultConfigurationName = Release;
		};
		C829CBA62AB018D6008F2B01 /* Build configuration list for PBXNativeTarget "Project_1Tests" */ = {
			isa = XCConfigurationList;
			buildConfigurations = (
				C829CBA72AB018D6008F2B01 /* Debug */,
				C829CBA82AB018D6008F2B01 /* Release */,
			);
			defaultConfigurationIsVisible = 0;
			defaultConfigurationName = Release;
		};
		C829CBA92AB018D6008F2B01 /* Build configuration list for PBXNativeTarget "Project_1UITests" */ = {
			isa = XCConfigurationList;
			buildConfigurations = (
				C829CBAA2AB018D6008F2B01 /* Debug */,
				C829CBAB2AB018D6008F2B01 /* Release */,
			);
			defaultConfigurationIsVisible = 0;
			defaultConfigurationName = Release;
		};
/* End XCConfigurationList section */
	};
	rootObject = C829CB712AB018D5008F2B01 /* Project object */;
}
