// !$*UTF8*$!
{
	archiveVersion = 1;
	classes = {
	};
	objectVersion = 56;
	objects = {

/* Begin PBXBuildFile section */
		C80E06722ACBD2B2001EF540 /* EmojiTableViewCell.swift in Sources */ = {isa = PBXBuildFile; fileRef = C80E06712ACBD2B2001EF540 /* EmojiTableViewCell.swift */; };
		C849CA632ACBDDC800A9DFB5 /* AddEditEmojiTableViewController.swift in Sources */ = {isa = PBXBuildFile; fileRef = C849CA622ACBDDC800A9DFB5 /* AddEditEmojiTableViewController.swift */; };
		C8BF91DA2AC6C16B008CD7BD /* AppDelegate.swift in Sources */ = {isa = PBXBuildFile; fileRef = C8BF91D92AC6C16B008CD7BD /* AppDelegate.swift */; };
		C8BF91DC2AC6C16B008CD7BD /* SceneDelegate.swift in Sources */ = {isa = PBXBuildFile; fileRef = C8BF91DB2AC6C16B008CD7BD /* SceneDelegate.swift */; };
		C8BF91E12AC6C16B008CD7BD /* Main.storyboard in Resources */ = {isa = PBXBuildFile; fileRef = C8BF91DF2AC6C16B008CD7BD /* Main.storyboard */; };
		C8BF91E32AC6C16E008CD7BD /* Assets.xcassets in Resources */ = {isa = PBXBuildFile; fileRef = C8BF91E22AC6C16E008CD7BD /* Assets.xcassets */; };
		C8BF91E62AC6C16E008CD7BD /* LaunchScreen.storyboard in Resources */ = {isa = PBXBuildFile; fileRef = C8BF91E42AC6C16E008CD7BD /* LaunchScreen.storyboard */; };
		C8BF920A2AC6C267008CD7BD /* EmojiTableTableViewController.swift in Sources */ = {isa = PBXBuildFile; fileRef = C8BF92092AC6C267008CD7BD /* EmojiTableTableViewController.swift */; };
		C8BF920C2AC6C30C008CD7BD /* Emoji.swift in Sources */ = {isa = PBXBuildFile; fileRef = C8BF920B2AC6C30C008CD7BD /* Emoji.swift */; };
/* End PBXBuildFile section */

/* Begin PBXContainerItemProxy section */
		C8BF91ED2AC6C16E008CD7BD /* PBXContainerItemProxy */ = {
			isa = PBXContainerItemProxy;
			containerPortal = C8BF91CE2AC6C16B008CD7BD /* Project object */;
			proxyType = 1;
			remoteGlobalIDString = C8BF91D52AC6C16B008CD7BD;
			remoteInfo = EmojiDictonary;
		};
		C8BF91F72AC6C16E008CD7BD /* PBXContainerItemProxy */ = {
			isa = PBXContainerItemProxy;
			containerPortal = C8BF91CE2AC6C16B008CD7BD /* Project object */;
			proxyType = 1;
			remoteGlobalIDString = C8BF91D52AC6C16B008CD7BD;
			remoteInfo = EmojiDictonary;
		};
/* End PBXContainerItemProxy section */

/* Begin PBXFileReference section */
		C80E06712ACBD2B2001EF540 /* EmojiTableViewCell.swift */ = {isa = PBXFileReference; lastKnownFileType = sourcecode.swift; path = EmojiTableViewCell.swift; sourceTree = "<group>"; };
		C849CA622ACBDDC800A9DFB5 /* AddEditEmojiTableViewController.swift */ = {isa = PBXFileReference; lastKnownFileType = sourcecode.swift; path = AddEditEmojiTableViewController.swift; sourceTree = "<group>"; };
		C8BF91D62AC6C16B008CD7BD /* EmojiDictonary.app */ = {isa = PBXFileReference; explicitFileType = wrapper.application; includeInIndex = 0; path = EmojiDictonary.app; sourceTree = BUILT_PRODUCTS_DIR; };
		C8BF91D92AC6C16B008CD7BD /* AppDelegate.swift */ = {isa = PBXFileReference; lastKnownFileType = sourcecode.swift; path = AppDelegate.swift; sourceTree = "<group>"; };
		C8BF91DB2AC6C16B008CD7BD /* SceneDelegate.swift */ = {isa = PBXFileReference; lastKnownFileType = sourcecode.swift; path = SceneDelegate.swift; sourceTree = "<group>"; };
		C8BF91E02AC6C16B008CD7BD /* Base */ = {isa = PBXFileReference; lastKnownFileType = file.storyboard; name = Base; path = Base.lproj/Main.storyboard; sourceTree = "<group>"; };
		C8BF91E22AC6C16E008CD7BD /* Assets.xcassets */ = {isa = PBXFileReference; lastKnownFileType = folder.assetcatalog; path = Assets.xcassets; sourceTree = "<group>"; };
		C8BF91E52AC6C16E008CD7BD /* Base */ = {isa = PBXFileReference; lastKnownFileType = file.storyboard; name = Base; path = Base.lproj/LaunchScreen.storyboard; sourceTree = "<group>"; };
		C8BF91E72AC6C16E008CD7BD /* Info.plist */ = {isa = PBXFileReference; lastKnownFileType = text.plist.xml; path = Info.plist; sourceTree = "<group>"; };
		C8BF91EC2AC6C16E008CD7BD /* EmojiDictonaryTests.xctest */ = {isa = PBXFileReference; explicitFileType = wrapper.cfbundle; includeInIndex = 0; path = EmojiDictonaryTests.xctest; sourceTree = BUILT_PRODUCTS_DIR; };
		C8BF91F62AC6C16E008CD7BD /* EmojiDictonaryUITests.xctest */ = {isa = PBXFileReference; explicitFileType = wrapper.cfbundle; includeInIndex = 0; path = EmojiDictonaryUITests.xctest; sourceTree = BUILT_PRODUCTS_DIR; };
		C8BF92092AC6C267008CD7BD /* EmojiTableTableViewController.swift */ = {isa = PBXFileReference; lastKnownFileType = sourcecode.swift; path = EmojiTableTableViewController.swift; sourceTree = "<group>"; };
		C8BF920B2AC6C30C008CD7BD /* Emoji.swift */ = {isa = PBXFileReference; lastKnownFileType = sourcecode.swift; path = Emoji.swift; sourceTree = "<group>"; };
/* End PBXFileReference section */

/* Begin PBXFrameworksBuildPhase section */
		C8BF91D32AC6C16B008CD7BD /* Frameworks */ = {
			isa = PBXFrameworksBuildPhase;
			buildActionMask = 2147483647;
			files = (
			);
			runOnlyForDeploymentPostprocessing = 0;
		};
		C8BF91E92AC6C16E008CD7BD /* Frameworks */ = {
			isa = PBXFrameworksBuildPhase;
			buildActionMask = 2147483647;
			files = (
			);
			runOnlyForDeploymentPostprocessing = 0;
		};
		C8BF91F32AC6C16E008CD7BD /* Frameworks */ = {
			isa = PBXFrameworksBuildPhase;
			buildActionMask = 2147483647;
			files = (
			);
			runOnlyForDeploymentPostprocessing = 0;
		};
/* End PBXFrameworksBuildPhase section */

/* Begin PBXGroup section */
		C8BF91CD2AC6C16B008CD7BD = {
			isa = PBXGroup;
			children = (
				C8BF91D82AC6C16B008CD7BD /* EmojiDictonary */,
				C8BF91D72AC6C16B008CD7BD /* Products */,
			);
			sourceTree = "<group>";
		};
		C8BF91D72AC6C16B008CD7BD /* Products */ = {
			isa = PBXGroup;
			children = (
				C8BF91D62AC6C16B008CD7BD /* EmojiDictonary.app */,
				C8BF91EC2AC6C16E008CD7BD /* EmojiDictonaryTests.xctest */,
				C8BF91F62AC6C16E008CD7BD /* EmojiDictonaryUITests.xctest */,
			);
			name = Products;
			sourceTree = "<group>";
		};
		C8BF91D82AC6C16B008CD7BD /* EmojiDictonary */ = {
			isa = PBXGroup;
			children = (
				C8BF91D92AC6C16B008CD7BD /* AppDelegate.swift */,
				C8BF91DB2AC6C16B008CD7BD /* SceneDelegate.swift */,
				C8BF91DF2AC6C16B008CD7BD /* Main.storyboard */,
				C849CA622ACBDDC800A9DFB5 /* AddEditEmojiTableViewController.swift */,
				C8BF92092AC6C267008CD7BD /* EmojiTableTableViewController.swift */,
				C8BF91E22AC6C16E008CD7BD /* Assets.xcassets */,
				C8BF91E42AC6C16E008CD7BD /* LaunchScreen.storyboard */,
				C8BF91E72AC6C16E008CD7BD /* Info.plist */,
				C8BF920B2AC6C30C008CD7BD /* Emoji.swift */,
				C80E06712ACBD2B2001EF540 /* EmojiTableViewCell.swift */,
			);
			path = EmojiDictonary;
			sourceTree = "<group>";
		};
/* End PBXGroup section */

/* Begin PBXNativeTarget section */
		C8BF91D52AC6C16B008CD7BD /* EmojiDictonary */ = {
			isa = PBXNativeTarget;
			buildConfigurationList = C8BF92002AC6C16E008CD7BD /* Build configuration list for PBXNativeTarget "EmojiDictonary" */;
			buildPhases = (
				C8BF91D22AC6C16B008CD7BD /* Sources */,
				C8BF91D32AC6C16B008CD7BD /* Frameworks */,
				C8BF91D42AC6C16B008CD7BD /* Resources */,
			);
			buildRules = (
			);
			dependencies = (
			);
			name = EmojiDictonary;
			productName = EmojiDictonary;
			productReference = C8BF91D62AC6C16B008CD7BD /* EmojiDictonary.app */;
			productType = "com.apple.product-type.application";
		};
		C8BF91EB2AC6C16E008CD7BD /* EmojiDictonaryTests */ = {
			isa = PBXNativeTarget;
			buildConfigurationList = C8BF92032AC6C16E008CD7BD /* Build configuration list for PBXNativeTarget "EmojiDictonaryTests" */;
			buildPhases = (
				C8BF91E82AC6C16E008CD7BD /* Sources */,
				C8BF91E92AC6C16E008CD7BD /* Frameworks */,
				C8BF91EA2AC6C16E008CD7BD /* Resources */,
			);
			buildRules = (
			);
			dependencies = (
				C8BF91EE2AC6C16E008CD7BD /* PBXTargetDependency */,
			);
			name = EmojiDictonaryTests;
			productName = EmojiDictonaryTests;
			productReference = C8BF91EC2AC6C16E008CD7BD /* EmojiDictonaryTests.xctest */;
			productType = "com.apple.product-type.bundle.unit-test";
		};
		C8BF91F52AC6C16E008CD7BD /* EmojiDictonaryUITests */ = {
			isa = PBXNativeTarget;
			buildConfigurationList = C8BF92062AC6C16E008CD7BD /* Build configuration list for PBXNativeTarget "EmojiDictonaryUITests" */;
			buildPhases = (
				C8BF91F22AC6C16E008CD7BD /* Sources */,
				C8BF91F32AC6C16E008CD7BD /* Frameworks */,
				C8BF91F42AC6C16E008CD7BD /* Resources */,
			);
			buildRules = (
			);
			dependencies = (
				C8BF91F82AC6C16E008CD7BD /* PBXTargetDependency */,
			);
			name = EmojiDictonaryUITests;
			productName = EmojiDictonaryUITests;
			productReference = C8BF91F62AC6C16E008CD7BD /* EmojiDictonaryUITests.xctest */;
			productType = "com.apple.product-type.bundle.ui-testing";
		};
/* End PBXNativeTarget section */

/* Begin PBXProject section */
		C8BF91CE2AC6C16B008CD7BD /* Project object */ = {
			isa = PBXProject;
			attributes = {
				BuildIndependentTargetsInParallel = 1;
				LastSwiftUpdateCheck = 1500;
				LastUpgradeCheck = 1500;
				TargetAttributes = {
					C8BF91D52AC6C16B008CD7BD = {
						CreatedOnToolsVersion = 15.0;
					};
					C8BF91EB2AC6C16E008CD7BD = {
						CreatedOnToolsVersion = 15.0;
						TestTargetID = C8BF91D52AC6C16B008CD7BD;
					};
					C8BF91F52AC6C16E008CD7BD = {
						CreatedOnToolsVersion = 15.0;
						TestTargetID = C8BF91D52AC6C16B008CD7BD;
					};
				};
			};
			buildConfigurationList = C8BF91D12AC6C16B008CD7BD /* Build configuration list for PBXProject "EmojiDictonary" */;
			compatibilityVersion = "Xcode 14.0";
			developmentRegion = en;
			hasScannedForEncodings = 0;
			knownRegions = (
				en,
				Base,
			);
			mainGroup = C8BF91CD2AC6C16B008CD7BD;
			productRefGroup = C8BF91D72AC6C16B008CD7BD /* Products */;
			projectDirPath = "";
			projectRoot = "";
			targets = (
				C8BF91D52AC6C16B008CD7BD /* EmojiDictonary */,
				C8BF91EB2AC6C16E008CD7BD /* EmojiDictonaryTests */,
				C8BF91F52AC6C16E008CD7BD /* EmojiDictonaryUITests */,
			);
		};
/* End PBXProject section */

/* Begin PBXResourcesBuildPhase section */
		C8BF91D42AC6C16B008CD7BD /* Resources */ = {
			isa = PBXResourcesBuildPhase;
			buildActionMask = 2147483647;
			files = (
				C8BF91E62AC6C16E008CD7BD /* LaunchScreen.storyboard in Resources */,
				C8BF91E32AC6C16E008CD7BD /* Assets.xcassets in Resources */,
				C8BF91E12AC6C16B008CD7BD /* Main.storyboard in Resources */,
			);
			runOnlyForDeploymentPostprocessing = 0;
		};
		C8BF91EA2AC6C16E008CD7BD /* Resources */ = {
			isa = PBXResourcesBuildPhase;
			buildActionMask = 2147483647;
			files = (
			);
			runOnlyForDeploymentPostprocessing = 0;
		};
		C8BF91F42AC6C16E008CD7BD /* Resources */ = {
			isa = PBXResourcesBuildPhase;
			buildActionMask = 2147483647;
			files = (
			);
			runOnlyForDeploymentPostprocessing = 0;
		};
/* End PBXResourcesBuildPhase section */

/* Begin PBXSourcesBuildPhase section */
		C8BF91D22AC6C16B008CD7BD /* Sources */ = {
			isa = PBXSourcesBuildPhase;
			buildActionMask = 2147483647;
			files = (
				C849CA632ACBDDC800A9DFB5 /* AddEditEmojiTableViewController.swift in Sources */,
				C8BF920A2AC6C267008CD7BD /* EmojiTableTableViewController.swift in Sources */,
				C8BF91DA2AC6C16B008CD7BD /* AppDelegate.swift in Sources */,
				C80E06722ACBD2B2001EF540 /* EmojiTableViewCell.swift in Sources */,
				C8BF920C2AC6C30C008CD7BD /* Emoji.swift in Sources */,
				C8BF91DC2AC6C16B008CD7BD /* SceneDelegate.swift in Sources */,
			);
			runOnlyForDeploymentPostprocessing = 0;
		};
		C8BF91E82AC6C16E008CD7BD /* Sources */ = {
			isa = PBXSourcesBuildPhase;
			buildActionMask = 2147483647;
			files = (
			);
			runOnlyForDeploymentPostprocessing = 0;
		};
		C8BF91F22AC6C16E008CD7BD /* Sources */ = {
			isa = PBXSourcesBuildPhase;
			buildActionMask = 2147483647;
			files = (
			);
			runOnlyForDeploymentPostprocessing = 0;
		};
/* End PBXSourcesBuildPhase section */

/* Begin PBXTargetDependency section */
		C8BF91EE2AC6C16E008CD7BD /* PBXTargetDependency */ = {
			isa = PBXTargetDependency;
			target = C8BF91D52AC6C16B008CD7BD /* EmojiDictonary */;
			targetProxy = C8BF91ED2AC6C16E008CD7BD /* PBXContainerItemProxy */;
		};
		C8BF91F82AC6C16E008CD7BD /* PBXTargetDependency */ = {
			isa = PBXTargetDependency;
			target = C8BF91D52AC6C16B008CD7BD /* EmojiDictonary */;
			targetProxy = C8BF91F72AC6C16E008CD7BD /* PBXContainerItemProxy */;
		};
/* End PBXTargetDependency section */

/* Begin PBXVariantGroup section */
		C8BF91DF2AC6C16B008CD7BD /* Main.storyboard */ = {
			isa = PBXVariantGroup;
			children = (
				C8BF91E02AC6C16B008CD7BD /* Base */,
			);
			name = Main.storyboard;
			sourceTree = "<group>";
		};
		C8BF91E42AC6C16E008CD7BD /* LaunchScreen.storyboard */ = {
			isa = PBXVariantGroup;
			children = (
				C8BF91E52AC6C16E008CD7BD /* Base */,
			);
			name = LaunchScreen.storyboard;
			sourceTree = "<group>";
		};
/* End PBXVariantGroup section */

/* Begin XCBuildConfiguration section */
		C8BF91FE2AC6C16E008CD7BD /* Debug */ = {
			isa = XCBuildConfiguration;
			buildSettings = {
				ALWAYS_SEARCH_USER_PATHS = NO;
				ASSETCATALOG_COMPILER_GENERATE_SWIFT_ASSET_SYMBOL_EXTENSIONS = YES;
				CLANG_ANALYZER_NONNULL = YES;
				CLANG_ANALYZER_NUMBER_OBJECT_CONVERSION = YES_AGGRESSIVE;
				CLANG_CXX_LANGUAGE_STANDARD = "gnu++20";
				CLANG_ENABLE_MODULES = YES;
				CLANG_ENABLE_OBJC_ARC = YES;
				CLANG_ENABLE_OBJC_WEAK = YES;
				CLANG_WARN_BLOCK_CAPTURE_AUTORELEASING = YES;
				CLANG_WARN_BOOL_CONVERSION = YES;
				CLANG_WARN_COMMA = YES;
				CLANG_WARN_CONSTANT_CONVERSION = YES;
				CLANG_WARN_DEPRECATED_OBJC_IMPLEMENTATIONS = YES;
				CLANG_WARN_DIRECT_OBJC_ISA_USAGE = YES_ERROR;
				CLANG_WARN_DOCUMENTATION_COMMENTS = YES;
				CLANG_WARN_EMPTY_BODY = YES;
				CLANG_WARN_ENUM_CONVERSION = YES;
				CLANG_WARN_INFINITE_RECURSION = YES;
				CLANG_WARN_INT_CONVERSION = YES;
				CLANG_WARN_NON_LITERAL_NULL_CONVERSION = YES;
				CLANG_WARN_OBJC_IMPLICIT_RETAIN_SELF = YES;
				CLANG_WARN_OBJC_LITERAL_CONVERSION = YES;
				CLANG_WARN_OBJC_ROOT_CLASS = YES_ERROR;
				CLANG_WARN_QUOTED_INCLUDE_IN_FRAMEWORK_HEADER = YES;
				CLANG_WARN_RANGE_LOOP_ANALYSIS = YES;
				CLANG_WARN_STRICT_PROTOTYPES = YES;
				CLANG_WARN_SUSPICIOUS_MOVE = YES;
				CLANG_WARN_UNGUARDED_AVAILABILITY = YES_AGGRESSIVE;
				CLANG_WARN_UNREACHABLE_CODE = YES;
				CLANG_WARN__DUPLICATE_METHOD_MATCH = YES;
				COPY_PHASE_STRIP = NO;
				DEBUG_INFORMATION_FORMAT = dwarf;
				ENABLE_STRICT_OBJC_MSGSEND = YES;
				ENABLE_TESTABILITY = YES;
				ENABLE_USER_SCRIPT_SANDBOXING = YES;
				GCC_C_LANGUAGE_STANDARD = gnu17;
				GCC_DYNAMIC_NO_PIC = NO;
				GCC_NO_COMMON_BLOCKS = YES;
				GCC_OPTIMIZATION_LEVEL = 0;
				GCC_PREPROCESSOR_DEFINITIONS = (
					"DEBUG=1",
					"$(inherited)",
				);
				GCC_WARN_64_TO_32_BIT_CONVERSION = YES;
				GCC_WARN_ABOUT_RETURN_TYPE = YES_ERROR;
				GCC_WARN_UNDECLARED_SELECTOR = YES;
				GCC_WARN_UNINITIALIZED_AUTOS = YES_AGGRESSIVE;
				GCC_WARN_UNUSED_FUNCTION = YES;
				GCC_WARN_UNUSED_VARIABLE = YES;
				IPHONEOS_DEPLOYMENT_TARGET = 17.0;
				LOCALIZATION_PREFERS_STRING_CATALOGS = YES;
				MTL_ENABLE_DEBUG_INFO = INCLUDE_SOURCE;
				MTL_FAST_MATH = YES;
				ONLY_ACTIVE_ARCH = YES;
				SDKROOT = iphoneos;
				SWIFT_ACTIVE_COMPILATION_CONDITIONS = "DEBUG $(inherited)";
				SWIFT_OPTIMIZATION_LEVEL = "-Onone";
			};
			name = Debug;
		};
		C8BF91FF2AC6C16E008CD7BD /* Release */ = {
			isa = XCBuildConfiguration;
			buildSettings = {
				ALWAYS_SEARCH_USER_PATHS = NO;
				ASSETCATALOG_COMPILER_GENERATE_SWIFT_ASSET_SYMBOL_EXTENSIONS = YES;
				CLANG_ANALYZER_NONNULL = YES;
				CLANG_ANALYZER_NUMBER_OBJECT_CONVERSION = YES_AGGRESSIVE;
				CLANG_CXX_LANGUAGE_STANDARD = "gnu++20";
				CLANG_ENABLE_MODULES = YES;
				CLANG_ENABLE_OBJC_ARC = YES;
				CLANG_ENABLE_OBJC_WEAK = YES;
				CLANG_WARN_BLOCK_CAPTURE_AUTORELEASING = YES;
				CLANG_WARN_BOOL_CONVERSION = YES;
				CLANG_WARN_COMMA = YES;
				CLANG_WARN_CONSTANT_CONVERSION = YES;
				CLANG_WARN_DEPRECATED_OBJC_IMPLEMENTATIONS = YES;
				CLANG_WARN_DIRECT_OBJC_ISA_USAGE = YES_ERROR;
				CLANG_WARN_DOCUMENTATION_COMMENTS = YES;
				CLANG_WARN_EMPTY_BODY = YES;
				CLANG_WARN_ENUM_CONVERSION = YES;
				CLANG_WARN_INFINITE_RECURSION = YES;
				CLANG_WARN_INT_CONVERSION = YES;
				CLANG_WARN_NON_LITERAL_NULL_CONVERSION = YES;
				CLANG_WARN_OBJC_IMPLICIT_RETAIN_SELF = YES;
				CLANG_WARN_OBJC_LITERAL_CONVERSION = YES;
				CLANG_WARN_OBJC_ROOT_CLASS = YES_ERROR;
				CLANG_WARN_QUOTED_INCLUDE_IN_FRAMEWORK_HEADER = YES;
				CLANG_WARN_RANGE_LOOP_ANALYSIS = YES;
				CLANG_WARN_STRICT_PROTOTYPES = YES;
				CLANG_WARN_SUSPICIOUS_MOVE = YES;
				CLANG_WARN_UNGUARDED_AVAILABILITY = YES_AGGRESSIVE;
				CLANG_WARN_UNREACHABLE_CODE = YES;
				CLANG_WARN__DUPLICATE_METHOD_MATCH = YES;
				COPY_PHASE_STRIP = NO;
				DEBUG_INFORMATION_FORMAT = "dwarf-with-dsym";
				ENABLE_NS_ASSERTIONS = NO;
				ENABLE_STRICT_OBJC_MSGSEND = YES;
				ENABLE_USER_SCRIPT_SANDBOXING = YES;
				GCC_C_LANGUAGE_STANDARD = gnu17;
				GCC_NO_COMMON_BLOCKS = YES;
				GCC_WARN_64_TO_32_BIT_CONVERSION = YES;
				GCC_WARN_ABOUT_RETURN_TYPE = YES_ERROR;
				GCC_WARN_UNDECLARED_SELECTOR = YES;
				GCC_WARN_UNINITIALIZED_AUTOS = YES_AGGRESSIVE;
				GCC_WARN_UNUSED_FUNCTION = YES;
				GCC_WARN_UNUSED_VARIABLE = YES;
				IPHONEOS_DEPLOYMENT_TARGET = 17.0;
				LOCALIZATION_PREFERS_STRING_CATALOGS = YES;
				MTL_ENABLE_DEBUG_INFO = NO;
				MTL_FAST_MATH = YES;
				SDKROOT = iphoneos;
				SWIFT_COMPILATION_MODE = wholemodule;
				VALIDATE_PRODUCT = YES;
			};
			name = Release;
		};
		C8BF92012AC6C16E008CD7BD /* Debug */ = {
			isa = XCBuildConfiguration;
			buildSettings = {
				ASSETCATALOG_COMPILER_APPICON_NAME = AppIcon;
				ASSETCATALOG_COMPILER_GLOBAL_ACCENT_COLOR_NAME = AccentColor;
				CODE_SIGN_STYLE = Automatic;
				CURRENT_PROJECT_VERSION = 1;
				GENERATE_INFOPLIST_FILE = YES;
				INFOPLIST_FILE = EmojiDictonary/Info.plist;
				INFOPLIST_KEY_UIApplicationSupportsIndirectInputEvents = YES;
				INFOPLIST_KEY_UILaunchStoryboardName = LaunchScreen;
				INFOPLIST_KEY_UIMainStoryboardFile = Main;
				INFOPLIST_KEY_UISupportedInterfaceOrientations_iPad = "UIInterfaceOrientationPortrait UIInterfaceOrientationPortraitUpsideDown UIInterfaceOrientationLandscapeLeft UIInterfaceOrientationLandscapeRight";
				INFOPLIST_KEY_UISupportedInterfaceOrientations_iPhone = "UIInterfaceOrientationPortrait UIInterfaceOrientationLandscapeLeft UIInterfaceOrientationLandscapeRight";
				LD_RUNPATH_SEARCH_PATHS = (
					"$(inherited)",
					"@executable_path/Frameworks",
				);
				MARKETING_VERSION = 1.0;
				PRODUCT_BUNDLE_IDENTIFIER = com.apple.EmojiDictonary;
				PRODUCT_NAME = "$(TARGET_NAME)";
				SWIFT_EMIT_LOC_STRINGS = YES;
				SWIFT_VERSION = 5.0;
				TARGETED_DEVICE_FAMILY = "1,2";
			};
			name = Debug;
		};
		C8BF92022AC6C16E008CD7BD /* Release */ = {
			isa = XCBuildConfiguration;
			buildSettings = {
				ASSETCATALOG_COMPILER_APPICON_NAME = AppIcon;
				ASSETCATALOG_COMPILER_GLOBAL_ACCENT_COLOR_NAME = AccentColor;
				CODE_SIGN_STYLE = Automatic;
				CURRENT_PROJECT_VERSION = 1;
				GENERATE_INFOPLIST_FILE = YES;
				INFOPLIST_FILE = EmojiDictonary/Info.plist;
				INFOPLIST_KEY_UIApplicationSupportsIndirectInputEvents = YES;
				INFOPLIST_KEY_UILaunchStoryboardName = LaunchScreen;
				INFOPLIST_KEY_UIMainStoryboardFile = Main;
				INFOPLIST_KEY_UISupportedInterfaceOrientations_iPad = "UIInterfaceOrientationPortrait UIInterfaceOrientationPortraitUpsideDown UIInterfaceOrientationLandscapeLeft UIInterfaceOrientationLandscapeRight";
				INFOPLIST_KEY_UISupportedInterfaceOrientations_iPhone = "UIInterfaceOrientationPortrait UIInterfaceOrientationLandscapeLeft UIInterfaceOrientationLandscapeRight";
				LD_RUNPATH_SEARCH_PATHS = (
					"$(inherited)",
					"@executable_path/Frameworks",
				);
				MARKETING_VERSION = 1.0;
				PRODUCT_BUNDLE_IDENTIFIER = com.apple.EmojiDictonary;
				PRODUCT_NAME = "$(TARGET_NAME)";
				SWIFT_EMIT_LOC_STRINGS = YES;
				SWIFT_VERSION = 5.0;
				TARGETED_DEVICE_FAMILY = "1,2";
			};
			name = Release;
		};
		C8BF92042AC6C16E008CD7BD /* Debug */ = {
			isa = XCBuildConfiguration;
			buildSettings = {
				ALWAYS_EMBED_SWIFT_STANDARD_LIBRARIES = YES;
				BUNDLE_LOADER = "$(TEST_HOST)";
				CODE_SIGN_STYLE = Automatic;
				CURRENT_PROJECT_VERSION = 1;
				GENERATE_INFOPLIST_FILE = YES;
				IPHONEOS_DEPLOYMENT_TARGET = 17.0;
				MARKETING_VERSION = 1.0;
				PRODUCT_BUNDLE_IDENTIFIER = com.apple.EmojiDictonaryTests;
				PRODUCT_NAME = "$(TARGET_NAME)";
				SWIFT_EMIT_LOC_STRINGS = NO;
				SWIFT_VERSION = 5.0;
				TARGETED_DEVICE_FAMILY = "1,2";
				TEST_HOST = "$(BUILT_PRODUCTS_DIR)/EmojiDictonary.app/$(BUNDLE_EXECUTABLE_FOLDER_PATH)/EmojiDictonary";
			};
			name = Debug;
		};
		C8BF92052AC6C16E008CD7BD /* Release */ = {
			isa = XCBuildConfiguration;
			buildSettings = {
				ALWAYS_EMBED_SWIFT_STANDARD_LIBRARIES = YES;
				BUNDLE_LOADER = "$(TEST_HOST)";
				CODE_SIGN_STYLE = Automatic;
				CURRENT_PROJECT_VERSION = 1;
				GENERATE_INFOPLIST_FILE = YES;
				IPHONEOS_DEPLOYMENT_TARGET = 17.0;
				MARKETING_VERSION = 1.0;
				PRODUCT_BUNDLE_IDENTIFIER = com.apple.EmojiDictonaryTests;
				PRODUCT_NAME = "$(TARGET_NAME)";
				SWIFT_EMIT_LOC_STRINGS = NO;
				SWIFT_VERSION = 5.0;
				TARGETED_DEVICE_FAMILY = "1,2";
				TEST_HOST = "$(BUILT_PRODUCTS_DIR)/EmojiDictonary.app/$(BUNDLE_EXECUTABLE_FOLDER_PATH)/EmojiDictonary";
			};
			name = Release;
		};
		C8BF92072AC6C16E008CD7BD /* Debug */ = {
			isa = XCBuildConfiguration;
			buildSettings = {
				ALWAYS_EMBED_SWIFT_STANDARD_LIBRARIES = YES;
				CODE_SIGN_STYLE = Automatic;
				CURRENT_PROJECT_VERSION = 1;
				GENERATE_INFOPLIST_FILE = YES;
				MARKETING_VERSION = 1.0;
				PRODUCT_BUNDLE_IDENTIFIER = com.apple.EmojiDictonaryUITests;
				PRODUCT_NAME = "$(TARGET_NAME)";
				SWIFT_EMIT_LOC_STRINGS = NO;
				SWIFT_VERSION = 5.0;
				TARGETED_DEVICE_FAMILY = "1,2";
				TEST_TARGET_NAME = EmojiDictonary;
			};
			name = Debug;
		};
		C8BF92082AC6C16E008CD7BD /* Release */ = {
			isa = XCBuildConfiguration;
			buildSettings = {
				ALWAYS_EMBED_SWIFT_STANDARD_LIBRARIES = YES;
				CODE_SIGN_STYLE = Automatic;
				CURRENT_PROJECT_VERSION = 1;
				GENERATE_INFOPLIST_FILE = YES;
				MARKETING_VERSION = 1.0;
				PRODUCT_BUNDLE_IDENTIFIER = com.apple.EmojiDictonaryUITests;
				PRODUCT_NAME = "$(TARGET_NAME)";
				SWIFT_EMIT_LOC_STRINGS = NO;
				SWIFT_VERSION = 5.0;
				TARGETED_DEVICE_FAMILY = "1,2";
				TEST_TARGET_NAME = EmojiDictonary;
			};
			name = Release;
		};
/* End XCBuildConfiguration section */

/* Begin XCConfigurationList section */
		C8BF91D12AC6C16B008CD7BD /* Build configuration list for PBXProject "EmojiDictonary" */ = {
			isa = XCConfigurationList;
			buildConfigurations = (
				C8BF91FE2AC6C16E008CD7BD /* Debug */,
				C8BF91FF2AC6C16E008CD7BD /* Release */,
			);
			defaultConfigurationIsVisible = 0;
			defaultConfigurationName = Release;
		};
		C8BF92002AC6C16E008CD7BD /* Build configuration list for PBXNativeTarget "EmojiDictonary" */ = {
			isa = XCConfigurationList;
			buildConfigurations = (
				C8BF92012AC6C16E008CD7BD /* Debug */,
				C8BF92022AC6C16E008CD7BD /* Release */,
			);
			defaultConfigurationIsVisible = 0;
			defaultConfigurationName = Release;
		};
		C8BF92032AC6C16E008CD7BD /* Build configuration list for PBXNativeTarget "EmojiDictonaryTests" */ = {
			isa = XCConfigurationList;
			buildConfigurations = (
				C8BF92042AC6C16E008CD7BD /* Debug */,
				C8BF92052AC6C16E008CD7BD /* Release */,
			);
			defaultConfigurationIsVisible = 0;
			defaultConfigurationName = Release;
		};
		C8BF92062AC6C16E008CD7BD /* Build configuration list for PBXNativeTarget "EmojiDictonaryUITests" */ = {
			isa = XCConfigurationList;
			buildConfigurations = (
				C8BF92072AC6C16E008CD7BD /* Debug */,
				C8BF92082AC6C16E008CD7BD /* Release */,
			);
			defaultConfigurationIsVisible = 0;
			defaultConfigurationName = Release;
		};
/* End XCConfigurationList section */
	};
	rootObject = C8BF91CE2AC6C16B008CD7BD /* Project object */;
}
